// !$*UTF8*$!
{
	archiveVersion = 1;
	classes = {
	};
	objectVersion = 55;
	objects = {

/* Begin PBXBuildFile section */
		1F03911F2B2A1EDB00AF6B08 /* ValidateFeedCacheUseCaseTests.swift in Sources */ = {isa = PBXBuildFile; fileRef = 1F03911E2B2A1EDB00AF6B08 /* ValidateFeedCacheUseCaseTests.swift */; };
		1F0391212B2A24E500AF6B08 /* FeedCacheTestHelpers.swift in Sources */ = {isa = PBXBuildFile; fileRef = 1F0391202B2A24E500AF6B08 /* FeedCacheTestHelpers.swift */; };
		1F0391232B2A25E600AF6B08 /* SharedTestHelpers.swift in Sources */ = {isa = PBXBuildFile; fileRef = 1F0391222B2A25E600AF6B08 /* SharedTestHelpers.swift */; };
		1F06A3FF2B1E572D007C24C2 /* RemoteFeedItem.swift in Sources */ = {isa = PBXBuildFile; fileRef = 1F06A3FE2B1E572D007C24C2 /* RemoteFeedItem.swift */; };
		1F06A4012B1E5787007C24C2 /* LocalFeedImage.swift in Sources */ = {isa = PBXBuildFile; fileRef = 1F06A4002B1E5787007C24C2 /* LocalFeedImage.swift */; };
		1F06E1B42B190B5B003C1C18 /* LocalFeedLoader.swift in Sources */ = {isa = PBXBuildFile; fileRef = 1F06E1B32B190B5B003C1C18 /* LocalFeedLoader.swift */; };
		1F06E1B62B190BEB003C1C18 /* FeedStore.swift in Sources */ = {isa = PBXBuildFile; fileRef = 1F06E1B52B190BEB003C1C18 /* FeedStore.swift */; };
		1F08D6A22B7ACC5000D78A98 /* FeedImageDataLoader.swift in Sources */ = {isa = PBXBuildFile; fileRef = 1F08D6A12B7ACC5000D78A98 /* FeedImageDataLoader.swift */; };
		1F08D6A72B7AD24500D78A98 /* FeedRefreshViewController.swift in Sources */ = {isa = PBXBuildFile; fileRef = 1F08D6A62B7AD24500D78A98 /* FeedRefreshViewController.swift */; };
		1F08D6A92B7AF6A600D78A98 /* FeedImageCellController.swift in Sources */ = {isa = PBXBuildFile; fileRef = 1F08D6A82B7AF6A600D78A98 /* FeedImageCellController.swift */; };
		1F08D6AC2B7AFD9F00D78A98 /* FeedUIComposer.swift in Sources */ = {isa = PBXBuildFile; fileRef = 1F08D6AB2B7AFD9F00D78A98 /* FeedUIComposer.swift */; };
		1F0FB64A2B6D9142001AF24D /* FeedViewControllerTests.swift in Sources */ = {isa = PBXBuildFile; fileRef = 1F0FB6492B6D9142001AF24D /* FeedViewControllerTests.swift */; };
		1F0FB64C2B6D9956001AF24D /* EssentialFeed.framework in Frameworks */ = {isa = PBXBuildFile; fileRef = 1F22A0BD2ADF3858000207A1 /* EssentialFeed.framework */; platformFilter = ios; };
		1F0FB64D2B6D9956001AF24D /* EssentialFeed.framework in Embed Frameworks */ = {isa = PBXBuildFile; fileRef = 1F22A0BD2ADF3858000207A1 /* EssentialFeed.framework */; platformFilter = ios; settings = {ATTRIBUTES = (CodeSignOnCopy, RemoveHeadersOnCopy, ); }; };
		1F0FB6512B6D9A50001AF24D /* XCTestCase+MemoryLeakTracking.swift in Sources */ = {isa = PBXBuildFile; fileRef = 1F8AE2BD2AF6BDDC0033A02F /* XCTestCase+MemoryLeakTracking.swift */; };
		1F0FB6532B6DA6BF001AF24D /* FeedViewController.swift in Sources */ = {isa = PBXBuildFile; fileRef = 1F0FB6522B6DA6BF001AF24D /* FeedViewController.swift */; };
		1F22A0C82ADF38FC000207A1 /* FeedImage.swift in Sources */ = {isa = PBXBuildFile; fileRef = 1F22A0C72ADF38FC000207A1 /* FeedImage.swift */; };
		1F22A0CA2ADF3959000207A1 /* FeedLoader.swift in Sources */ = {isa = PBXBuildFile; fileRef = 1F22A0C92ADF3959000207A1 /* FeedLoader.swift */; };
		1F24CC532AF8616B0064F925 /* URLSessionHTTPClient.swift in Sources */ = {isa = PBXBuildFile; fileRef = 1F24CC522AF8616B0064F925 /* URLSessionHTTPClient.swift */; };
		1F2B423D2B179FFE001D26F2 /* LoadFromCacheUseCaseTests.swift in Sources */ = {isa = PBXBuildFile; fileRef = 1F2B423C2B179FFE001D26F2 /* LoadFromCacheUseCaseTests.swift */; };
		1F41003A2AF691EB00AE91F4 /* URLSessionHTTPClientTests.swift in Sources */ = {isa = PBXBuildFile; fileRef = 1F4100392AF691EB00AE91F4 /* URLSessionHTTPClientTests.swift */; };
		1F4AB27C2B5C3B390025FB6A /* CodableFeedStore.swift in Sources */ = {isa = PBXBuildFile; fileRef = 1F4AB27B2B5C3B380025FB6A /* CodableFeedStore.swift */; };
		1F53EEDF2B605C5C00BA1056 /* EssentialFeedCacheIntegrationTests.swift in Sources */ = {isa = PBXBuildFile; fileRef = 1F53EEDE2B605C5C00BA1056 /* EssentialFeedCacheIntegrationTests.swift */; };
		1F53EEE02B605C5C00BA1056 /* EssentialFeed.framework in Frameworks */ = {isa = PBXBuildFile; fileRef = 1F22A0BD2ADF3858000207A1 /* EssentialFeed.framework */; };
		1F53EEE62B605FC700BA1056 /* XCTestCase+MemoryLeakTracking.swift in Sources */ = {isa = PBXBuildFile; fileRef = 1F8AE2BD2AF6BDDC0033A02F /* XCTestCase+MemoryLeakTracking.swift */; };
		1F53EEE72B60625D00BA1056 /* FeedCacheTestHelpers.swift in Sources */ = {isa = PBXBuildFile; fileRef = 1F0391202B2A24E500AF6B08 /* FeedCacheTestHelpers.swift */; };
		1F53EEE82B60629900BA1056 /* SharedTestHelpers.swift in Sources */ = {isa = PBXBuildFile; fileRef = 1F0391222B2A25E600AF6B08 /* SharedTestHelpers.swift */; };
		1F5AA3B12B73DA6C00267524 /* FeedImageCell.swift in Sources */ = {isa = PBXBuildFile; fileRef = 1F5AA3B02B73DA6C00267524 /* FeedImageCell.swift */; };
		1F5AA3B32B7428C400267524 /* UIView+Shimmering.swift in Sources */ = {isa = PBXBuildFile; fileRef = 1F5AA3B22B7428C400267524 /* UIView+Shimmering.swift */; };
		1F710AE42B23C982008EE34D /* LoadFeedFromCacheUseCaseTests.swift in Sources */ = {isa = PBXBuildFile; fileRef = 1F710AE32B23C982008EE34D /* LoadFeedFromCacheUseCaseTests.swift */; };
		1F710AE72B23CBA3008EE34D /* FeedStoreSpy.swift in Sources */ = {isa = PBXBuildFile; fileRef = 1F710AE62B23CBA3008EE34D /* FeedStoreSpy.swift */; };
		1F86FF4A2AEC6C70006CC923 /* HTTPClient.swift in Sources */ = {isa = PBXBuildFile; fileRef = 1F86FF492AEC6C70006CC923 /* HTTPClient.swift */; };
		1F86FF4C2AEC6CC9006CC923 /* FeedItemsMapper.swift in Sources */ = {isa = PBXBuildFile; fileRef = 1F86FF4B2AEC6CC9006CC923 /* FeedItemsMapper.swift */; };
		1F8843FA2B840B6400947539 /* FeedPresenter.swift in Sources */ = {isa = PBXBuildFile; fileRef = 1F8843F92B840B6400947539 /* FeedPresenter.swift */; };
		1F8843FC2B841DBF00947539 /* FeedImagePresenter.swift in Sources */ = {isa = PBXBuildFile; fileRef = 1F8843FB2B841DBF00947539 /* FeedImagePresenter.swift */; };
		1F8843FE2B84283E00947539 /* FeedLoadingViewModel.swift in Sources */ = {isa = PBXBuildFile; fileRef = 1F8843FD2B84283E00947539 /* FeedLoadingViewModel.swift */; };
		1F8844002B84286C00947539 /* FeedViewModel.swift in Sources */ = {isa = PBXBuildFile; fileRef = 1F8843FF2B84286C00947539 /* FeedViewModel.swift */; };
		1F8844022B8428C000947539 /* FeedImageViewModel.swift in Sources */ = {isa = PBXBuildFile; fileRef = 1F8844012B8428C000947539 /* FeedImageViewModel.swift */; };
		1F8AE2BE2AF6BDDC0033A02F /* XCTestCase+MemoryLeakTracking.swift in Sources */ = {isa = PBXBuildFile; fileRef = 1F8AE2BD2AF6BDDC0033A02F /* XCTestCase+MemoryLeakTracking.swift */; };
		1F8FE2592B684DC7002136E8 /* EssentialFeediOS.framework in Frameworks */ = {isa = PBXBuildFile; fileRef = 1F8FE2512B684DC7002136E8 /* EssentialFeediOS.framework */; };
		1F92841C2B2B65AD0003F64A /* FeedCachePolicy.swift in Sources */ = {isa = PBXBuildFile; fileRef = 1F92841B2B2B65AD0003F64A /* FeedCachePolicy.swift */; };
		1FC552812B4E060F000BD890 /* CodableFeedStoreTests.swift in Sources */ = {isa = PBXBuildFile; fileRef = 1FC552802B4E060F000BD890 /* CodableFeedStoreTests.swift */; };
		1FD6E20B2AE5752200A75A41 /* RemoteFeedLoader.swift in Sources */ = {isa = PBXBuildFile; fileRef = 1FD6E20A2AE5752200A75A41 /* RemoteFeedLoader.swift */; };
		1FDBD34F2B6034C3000A97E5 /* CoreDataHelpers.swift in Sources */ = {isa = PBXBuildFile; fileRef = 1FDBD34E2B6034C3000A97E5 /* CoreDataHelpers.swift */; };
		1FDBD3512B603589000A97E5 /* ManagedCache.swift in Sources */ = {isa = PBXBuildFile; fileRef = 1FDBD3502B603589000A97E5 /* ManagedCache.swift */; };
		1FDBD3532B6035C7000A97E5 /* ManagedFeedImage.swift in Sources */ = {isa = PBXBuildFile; fileRef = 1FDBD3522B6035C7000A97E5 /* ManagedFeedImage.swift */; };
		1FDEE7AD2AE2082F00DD84B2 /* EssentialFeed.framework in Frameworks */ = {isa = PBXBuildFile; fileRef = 1F22A0BD2ADF3858000207A1 /* EssentialFeed.framework */; };
		1FE17A2A2AF95321007CA744 /* EssentialFeedAPIEndToEndTests.swift in Sources */ = {isa = PBXBuildFile; fileRef = 1FE17A292AF95321007CA744 /* EssentialFeedAPIEndToEndTests.swift */; };
		1FE17A2B2AF95321007CA744 /* EssentialFeed.framework in Frameworks */ = {isa = PBXBuildFile; fileRef = 1F22A0BD2ADF3858000207A1 /* EssentialFeed.framework */; };
		1FE17A312AF95809007CA744 /* XCTestCase+MemoryLeakTracking.swift in Sources */ = {isa = PBXBuildFile; fileRef = 1F8AE2BD2AF6BDDC0033A02F /* XCTestCase+MemoryLeakTracking.swift */; };
		1FE2B3232B5F0B7A00897E08 /* CoreDataFeedStoreTests.swift in Sources */ = {isa = PBXBuildFile; fileRef = 1FE2B3222B5F0B7A00897E08 /* CoreDataFeedStoreTests.swift */; };
		1FE2B3262B5F0F9700897E08 /* FeedStore.xcdatamodeld in Sources */ = {isa = PBXBuildFile; fileRef = 1FE2B3242B5F0F9700897E08 /* FeedStore.xcdatamodeld */; };
		1FE2B3282B5F103100897E08 /* CoreDataFeedStore.swift in Sources */ = {isa = PBXBuildFile; fileRef = 1FE2B3272B5F103100897E08 /* CoreDataFeedStore.swift */; };
		1FE59C4A2AE34B5200213CD9 /* LoadFromRemoteUseCaseTests.swift in Sources */ = {isa = PBXBuildFile; fileRef = 1FE59C492AE34B5200213CD9 /* LoadFromRemoteUseCaseTests.swift */; };
		1FFBAEB32B5DE55D00BBDE2A /* FeedStoreSpecs.swift in Sources */ = {isa = PBXBuildFile; fileRef = 1FFBAEB22B5DE55D00BBDE2A /* FeedStoreSpecs.swift */; };
		1FFBAEB52B5DE62D00BBDE2A /* XCTestCase+FeedStoreSpecs.swift in Sources */ = {isa = PBXBuildFile; fileRef = 1FFBAEB42B5DE62D00BBDE2A /* XCTestCase+FeedStoreSpecs.swift */; };
		1FFBAEB82B5DF17F00BBDE2A /* XCTestCase+FailableRetrieveFeedStoreSpecs.swift in Sources */ = {isa = PBXBuildFile; fileRef = 1FFBAEB72B5DF17F00BBDE2A /* XCTestCase+FailableRetrieveFeedStoreSpecs.swift */; };
		1FFBAEBA2B5DF18D00BBDE2A /* XCTestCase+FailableInsertFeedStoreSpecs.swift in Sources */ = {isa = PBXBuildFile; fileRef = 1FFBAEB92B5DF18D00BBDE2A /* XCTestCase+FailableInsertFeedStoreSpecs.swift */; };
		1FFBAEBC2B5DF19B00BBDE2A /* XCTestCase+FailableDeleteFeedStoreSpecs.swift in Sources */ = {isa = PBXBuildFile; fileRef = 1FFBAEBB2B5DF19B00BBDE2A /* XCTestCase+FailableDeleteFeedStoreSpecs.swift */; };
/* End PBXBuildFile section */

/* Begin PBXContainerItemProxy section */
		1F0FB64E2B6D9956001AF24D /* PBXContainerItemProxy */ = {
			isa = PBXContainerItemProxy;
			containerPortal = 1F22A0B42ADF3858000207A1 /* Project object */;
			proxyType = 1;
			remoteGlobalIDString = 1F22A0BC2ADF3858000207A1;
			remoteInfo = EssentialFeed;
		};
		1F53EEE12B605C5C00BA1056 /* PBXContainerItemProxy */ = {
			isa = PBXContainerItemProxy;
			containerPortal = 1F22A0B42ADF3858000207A1 /* Project object */;
			proxyType = 1;
			remoteGlobalIDString = 1F22A0BC2ADF3858000207A1;
			remoteInfo = EssentialFeed;
		};
		1F8FE25A2B684DC7002136E8 /* PBXContainerItemProxy */ = {
			isa = PBXContainerItemProxy;
			containerPortal = 1F22A0B42ADF3858000207A1 /* Project object */;
			proxyType = 1;
			remoteGlobalIDString = 1F8FE2502B684DC7002136E8;
			remoteInfo = EssentialFeediOS;
		};
		1FDEE7AE2AE2082F00DD84B2 /* PBXContainerItemProxy */ = {
			isa = PBXContainerItemProxy;
			containerPortal = 1F22A0B42ADF3858000207A1 /* Project object */;
			proxyType = 1;
			remoteGlobalIDString = 1F22A0BC2ADF3858000207A1;
			remoteInfo = EssentialFeed;
		};
		1FE17A2C2AF95321007CA744 /* PBXContainerItemProxy */ = {
			isa = PBXContainerItemProxy;
			containerPortal = 1F22A0B42ADF3858000207A1 /* Project object */;
			proxyType = 1;
			remoteGlobalIDString = 1F22A0BC2ADF3858000207A1;
			remoteInfo = EssentialFeed;
		};
/* End PBXContainerItemProxy section */

/* Begin PBXCopyFilesBuildPhase section */
		1F0FB6502B6D9956001AF24D /* Embed Frameworks */ = {
			isa = PBXCopyFilesBuildPhase;
			buildActionMask = 2147483647;
			dstPath = "";
			dstSubfolderSpec = 10;
			files = (
				1F0FB64D2B6D9956001AF24D /* EssentialFeed.framework in Embed Frameworks */,
			);
			name = "Embed Frameworks";
			runOnlyForDeploymentPostprocessing = 0;
		};
/* End PBXCopyFilesBuildPhase section */

/* Begin PBXFileReference section */
		1F03911E2B2A1EDB00AF6B08 /* ValidateFeedCacheUseCaseTests.swift */ = {isa = PBXFileReference; lastKnownFileType = sourcecode.swift; path = ValidateFeedCacheUseCaseTests.swift; sourceTree = "<group>"; };
		1F0391202B2A24E500AF6B08 /* FeedCacheTestHelpers.swift */ = {isa = PBXFileReference; lastKnownFileType = sourcecode.swift; path = FeedCacheTestHelpers.swift; sourceTree = "<group>"; };
		1F0391222B2A25E600AF6B08 /* SharedTestHelpers.swift */ = {isa = PBXFileReference; lastKnownFileType = sourcecode.swift; path = SharedTestHelpers.swift; sourceTree = "<group>"; };
		1F06A3FE2B1E572D007C24C2 /* RemoteFeedItem.swift */ = {isa = PBXFileReference; lastKnownFileType = sourcecode.swift; path = RemoteFeedItem.swift; sourceTree = "<group>"; };
		1F06A4002B1E5787007C24C2 /* LocalFeedImage.swift */ = {isa = PBXFileReference; lastKnownFileType = sourcecode.swift; path = LocalFeedImage.swift; sourceTree = "<group>"; };
		1F06E1B32B190B5B003C1C18 /* LocalFeedLoader.swift */ = {isa = PBXFileReference; lastKnownFileType = sourcecode.swift; path = LocalFeedLoader.swift; sourceTree = "<group>"; };
		1F06E1B52B190BEB003C1C18 /* FeedStore.swift */ = {isa = PBXFileReference; lastKnownFileType = sourcecode.swift; path = FeedStore.swift; sourceTree = "<group>"; };
		1F08D6A12B7ACC5000D78A98 /* FeedImageDataLoader.swift */ = {isa = PBXFileReference; lastKnownFileType = sourcecode.swift; path = FeedImageDataLoader.swift; sourceTree = "<group>"; };
		1F08D6A62B7AD24500D78A98 /* FeedRefreshViewController.swift */ = {isa = PBXFileReference; lastKnownFileType = sourcecode.swift; path = FeedRefreshViewController.swift; sourceTree = "<group>"; };
		1F08D6A82B7AF6A600D78A98 /* FeedImageCellController.swift */ = {isa = PBXFileReference; lastKnownFileType = sourcecode.swift; path = FeedImageCellController.swift; sourceTree = "<group>"; };
		1F08D6AB2B7AFD9F00D78A98 /* FeedUIComposer.swift */ = {isa = PBXFileReference; lastKnownFileType = sourcecode.swift; path = FeedUIComposer.swift; sourceTree = "<group>"; };
		1F0FB6492B6D9142001AF24D /* FeedViewControllerTests.swift */ = {isa = PBXFileReference; lastKnownFileType = sourcecode.swift; path = FeedViewControllerTests.swift; sourceTree = "<group>"; };
		1F0FB6522B6DA6BF001AF24D /* FeedViewController.swift */ = {isa = PBXFileReference; lastKnownFileType = sourcecode.swift; path = FeedViewController.swift; sourceTree = "<group>"; };
		1F22A0BD2ADF3858000207A1 /* EssentialFeed.framework */ = {isa = PBXFileReference; explicitFileType = wrapper.framework; includeInIndex = 0; path = EssentialFeed.framework; sourceTree = BUILT_PRODUCTS_DIR; };
		1F22A0C72ADF38FC000207A1 /* FeedImage.swift */ = {isa = PBXFileReference; lastKnownFileType = sourcecode.swift; path = FeedImage.swift; sourceTree = "<group>"; };
		1F22A0C92ADF3959000207A1 /* FeedLoader.swift */ = {isa = PBXFileReference; lastKnownFileType = sourcecode.swift; path = FeedLoader.swift; sourceTree = "<group>"; };
		1F24CC522AF8616B0064F925 /* URLSessionHTTPClient.swift */ = {isa = PBXFileReference; lastKnownFileType = sourcecode.swift; path = URLSessionHTTPClient.swift; sourceTree = "<group>"; };
		1F2B423C2B179FFE001D26F2 /* LoadFromCacheUseCaseTests.swift */ = {isa = PBXFileReference; lastKnownFileType = sourcecode.swift; path = LoadFromCacheUseCaseTests.swift; sourceTree = "<group>"; };
		1F4100392AF691EB00AE91F4 /* URLSessionHTTPClientTests.swift */ = {isa = PBXFileReference; lastKnownFileType = sourcecode.swift; path = URLSessionHTTPClientTests.swift; sourceTree = "<group>"; };
		1F4AB27B2B5C3B380025FB6A /* CodableFeedStore.swift */ = {isa = PBXFileReference; lastKnownFileType = sourcecode.swift; path = CodableFeedStore.swift; sourceTree = "<group>"; };
		1F53EEDC2B605C5C00BA1056 /* EssentialFeedCacheIntegrationTests.xctest */ = {isa = PBXFileReference; explicitFileType = wrapper.cfbundle; includeInIndex = 0; path = EssentialFeedCacheIntegrationTests.xctest; sourceTree = BUILT_PRODUCTS_DIR; };
		1F53EEDE2B605C5C00BA1056 /* EssentialFeedCacheIntegrationTests.swift */ = {isa = PBXFileReference; lastKnownFileType = sourcecode.swift; path = EssentialFeedCacheIntegrationTests.swift; sourceTree = "<group>"; };
		1F5AA3B02B73DA6C00267524 /* FeedImageCell.swift */ = {isa = PBXFileReference; lastKnownFileType = sourcecode.swift; path = FeedImageCell.swift; sourceTree = "<group>"; };
		1F5AA3B22B7428C400267524 /* UIView+Shimmering.swift */ = {isa = PBXFileReference; lastKnownFileType = sourcecode.swift; path = "UIView+Shimmering.swift"; sourceTree = "<group>"; };
		1F710AE32B23C982008EE34D /* LoadFeedFromCacheUseCaseTests.swift */ = {isa = PBXFileReference; lastKnownFileType = sourcecode.swift; path = LoadFeedFromCacheUseCaseTests.swift; sourceTree = "<group>"; };
		1F710AE62B23CBA3008EE34D /* FeedStoreSpy.swift */ = {isa = PBXFileReference; lastKnownFileType = sourcecode.swift; path = FeedStoreSpy.swift; sourceTree = "<group>"; };
		1F86FF492AEC6C70006CC923 /* HTTPClient.swift */ = {isa = PBXFileReference; lastKnownFileType = sourcecode.swift; path = HTTPClient.swift; sourceTree = "<group>"; };
		1F86FF4B2AEC6CC9006CC923 /* FeedItemsMapper.swift */ = {isa = PBXFileReference; lastKnownFileType = sourcecode.swift; path = FeedItemsMapper.swift; sourceTree = "<group>"; };
		1F8843F92B840B6400947539 /* FeedPresenter.swift */ = {isa = PBXFileReference; lastKnownFileType = sourcecode.swift; path = FeedPresenter.swift; sourceTree = "<group>"; };
		1F8843FB2B841DBF00947539 /* FeedImagePresenter.swift */ = {isa = PBXFileReference; lastKnownFileType = sourcecode.swift; path = FeedImagePresenter.swift; sourceTree = "<group>"; };
		1F8843FD2B84283E00947539 /* FeedLoadingViewModel.swift */ = {isa = PBXFileReference; lastKnownFileType = sourcecode.swift; path = FeedLoadingViewModel.swift; sourceTree = "<group>"; };
		1F8843FF2B84286C00947539 /* FeedViewModel.swift */ = {isa = PBXFileReference; lastKnownFileType = sourcecode.swift; path = FeedViewModel.swift; sourceTree = "<group>"; };
		1F8844012B8428C000947539 /* FeedImageViewModel.swift */ = {isa = PBXFileReference; lastKnownFileType = sourcecode.swift; path = FeedImageViewModel.swift; sourceTree = "<group>"; };
		1F8AE2BD2AF6BDDC0033A02F /* XCTestCase+MemoryLeakTracking.swift */ = {isa = PBXFileReference; lastKnownFileType = sourcecode.swift; path = "XCTestCase+MemoryLeakTracking.swift"; sourceTree = "<group>"; };
		1F8FE2512B684DC7002136E8 /* EssentialFeediOS.framework */ = {isa = PBXFileReference; explicitFileType = wrapper.framework; includeInIndex = 0; path = EssentialFeediOS.framework; sourceTree = BUILT_PRODUCTS_DIR; };
		1F8FE2582B684DC7002136E8 /* EssentialFeediOSTests.xctest */ = {isa = PBXFileReference; explicitFileType = wrapper.cfbundle; includeInIndex = 0; path = EssentialFeediOSTests.xctest; sourceTree = BUILT_PRODUCTS_DIR; };
		1F92841B2B2B65AD0003F64A /* FeedCachePolicy.swift */ = {isa = PBXFileReference; lastKnownFileType = sourcecode.swift; path = FeedCachePolicy.swift; sourceTree = "<group>"; };
		1FC552802B4E060F000BD890 /* CodableFeedStoreTests.swift */ = {isa = PBXFileReference; lastKnownFileType = sourcecode.swift; path = CodableFeedStoreTests.swift; sourceTree = "<group>"; };
		1FD6E20A2AE5752200A75A41 /* RemoteFeedLoader.swift */ = {isa = PBXFileReference; lastKnownFileType = sourcecode.swift; path = RemoteFeedLoader.swift; sourceTree = "<group>"; };
		1FDBD34E2B6034C3000A97E5 /* CoreDataHelpers.swift */ = {isa = PBXFileReference; lastKnownFileType = sourcecode.swift; path = CoreDataHelpers.swift; sourceTree = "<group>"; };
		1FDBD3502B603589000A97E5 /* ManagedCache.swift */ = {isa = PBXFileReference; lastKnownFileType = sourcecode.swift; path = ManagedCache.swift; sourceTree = "<group>"; };
		1FDBD3522B6035C7000A97E5 /* ManagedFeedImage.swift */ = {isa = PBXFileReference; lastKnownFileType = sourcecode.swift; path = ManagedFeedImage.swift; sourceTree = "<group>"; };
		1FDEE7A92AE2082F00DD84B2 /* EssentialFeedTests.xctest */ = {isa = PBXFileReference; explicitFileType = wrapper.cfbundle; includeInIndex = 0; path = EssentialFeedTests.xctest; sourceTree = BUILT_PRODUCTS_DIR; };
		1FE17A272AF95321007CA744 /* EssentialFeedAPIEndToEndTests.xctest */ = {isa = PBXFileReference; explicitFileType = wrapper.cfbundle; includeInIndex = 0; path = EssentialFeedAPIEndToEndTests.xctest; sourceTree = BUILT_PRODUCTS_DIR; };
		1FE17A292AF95321007CA744 /* EssentialFeedAPIEndToEndTests.swift */ = {isa = PBXFileReference; lastKnownFileType = sourcecode.swift; path = EssentialFeedAPIEndToEndTests.swift; sourceTree = "<group>"; };
		1FE2B3222B5F0B7A00897E08 /* CoreDataFeedStoreTests.swift */ = {isa = PBXFileReference; lastKnownFileType = sourcecode.swift; path = CoreDataFeedStoreTests.swift; sourceTree = "<group>"; };
		1FE2B3252B5F0F9700897E08 /* FeedStore.xcdatamodel */ = {isa = PBXFileReference; lastKnownFileType = wrapper.xcdatamodel; path = FeedStore.xcdatamodel; sourceTree = "<group>"; };
		1FE2B3272B5F103100897E08 /* CoreDataFeedStore.swift */ = {isa = PBXFileReference; lastKnownFileType = sourcecode.swift; path = CoreDataFeedStore.swift; sourceTree = "<group>"; };
		1FE59C492AE34B5200213CD9 /* LoadFromRemoteUseCaseTests.swift */ = {isa = PBXFileReference; lastKnownFileType = sourcecode.swift; path = LoadFromRemoteUseCaseTests.swift; sourceTree = "<group>"; };
		1FFBAEB22B5DE55D00BBDE2A /* FeedStoreSpecs.swift */ = {isa = PBXFileReference; lastKnownFileType = sourcecode.swift; path = FeedStoreSpecs.swift; sourceTree = "<group>"; };
		1FFBAEB42B5DE62D00BBDE2A /* XCTestCase+FeedStoreSpecs.swift */ = {isa = PBXFileReference; lastKnownFileType = sourcecode.swift; path = "XCTestCase+FeedStoreSpecs.swift"; sourceTree = "<group>"; };
		1FFBAEB72B5DF17F00BBDE2A /* XCTestCase+FailableRetrieveFeedStoreSpecs.swift */ = {isa = PBXFileReference; lastKnownFileType = sourcecode.swift; path = "XCTestCase+FailableRetrieveFeedStoreSpecs.swift"; sourceTree = "<group>"; };
		1FFBAEB92B5DF18D00BBDE2A /* XCTestCase+FailableInsertFeedStoreSpecs.swift */ = {isa = PBXFileReference; lastKnownFileType = sourcecode.swift; path = "XCTestCase+FailableInsertFeedStoreSpecs.swift"; sourceTree = "<group>"; };
		1FFBAEBB2B5DF19B00BBDE2A /* XCTestCase+FailableDeleteFeedStoreSpecs.swift */ = {isa = PBXFileReference; lastKnownFileType = sourcecode.swift; path = "XCTestCase+FailableDeleteFeedStoreSpecs.swift"; sourceTree = "<group>"; };
/* End PBXFileReference section */

/* Begin PBXFrameworksBuildPhase section */
		1F22A0BA2ADF3858000207A1 /* Frameworks */ = {
			isa = PBXFrameworksBuildPhase;
			buildActionMask = 2147483647;
			files = (
			);
			runOnlyForDeploymentPostprocessing = 0;
		};
		1F53EED92B605C5C00BA1056 /* Frameworks */ = {
			isa = PBXFrameworksBuildPhase;
			buildActionMask = 2147483647;
			files = (
				1F53EEE02B605C5C00BA1056 /* EssentialFeed.framework in Frameworks */,
			);
			runOnlyForDeploymentPostprocessing = 0;
		};
		1F8FE24E2B684DC7002136E8 /* Frameworks */ = {
			isa = PBXFrameworksBuildPhase;
			buildActionMask = 2147483647;
			files = (
				1F0FB64C2B6D9956001AF24D /* EssentialFeed.framework in Frameworks */,
			);
			runOnlyForDeploymentPostprocessing = 0;
		};
		1F8FE2552B684DC7002136E8 /* Frameworks */ = {
			isa = PBXFrameworksBuildPhase;
			buildActionMask = 2147483647;
			files = (
				1F8FE2592B684DC7002136E8 /* EssentialFeediOS.framework in Frameworks */,
			);
			runOnlyForDeploymentPostprocessing = 0;
		};
		1FDEE7A62AE2082F00DD84B2 /* Frameworks */ = {
			isa = PBXFrameworksBuildPhase;
			buildActionMask = 2147483647;
			files = (
				1FDEE7AD2AE2082F00DD84B2 /* EssentialFeed.framework in Frameworks */,
			);
			runOnlyForDeploymentPostprocessing = 0;
		};
		1FE17A242AF95320007CA744 /* Frameworks */ = {
			isa = PBXFrameworksBuildPhase;
			buildActionMask = 2147483647;
			files = (
				1FE17A2B2AF95321007CA744 /* EssentialFeed.framework in Frameworks */,
			);
			runOnlyForDeploymentPostprocessing = 0;
		};
/* End PBXFrameworksBuildPhase section */

/* Begin PBXGroup section */
		1F06E1B22B190B47003C1C18 /* Feed Cache */ = {
			isa = PBXGroup;
			children = (
				1FE2B3292B5F147300897E08 /* Infrastructure */,
				1F06E1B32B190B5B003C1C18 /* LocalFeedLoader.swift */,
				1F06E1B52B190BEB003C1C18 /* FeedStore.swift */,
				1F06A4002B1E5787007C24C2 /* LocalFeedImage.swift */,
				1F92841B2B2B65AD0003F64A /* FeedCachePolicy.swift */,
			);
			path = "Feed Cache";
			sourceTree = "<group>";
		};
		1F08D6A02B7ACC0800D78A98 /* Feed Image Loader */ = {
			isa = PBXGroup;
			children = (
				1F08D6A12B7ACC5000D78A98 /* FeedImageDataLoader.swift */,
			);
			path = "Feed Image Loader";
			sourceTree = "<group>";
		};
		1F08D6A32B7ACC7200D78A98 /* Feed UI */ = {
			isa = PBXGroup;
			children = (
				1F08D6AA2B7AFD8900D78A98 /* Composers */,
				1F08D6A52B7ACC8200D78A98 /* Views */,
				1F08D6A42B7ACC7900D78A98 /* Controllers */,
			);
			path = "Feed UI";
			sourceTree = "<group>";
		};
		1F08D6A42B7ACC7900D78A98 /* Controllers */ = {
			isa = PBXGroup;
			children = (
				1F0FB6522B6DA6BF001AF24D /* FeedViewController.swift */,
				1F08D6A62B7AD24500D78A98 /* FeedRefreshViewController.swift */,
				1F08D6A82B7AF6A600D78A98 /* FeedImageCellController.swift */,
			);
			path = Controllers;
			sourceTree = "<group>";
		};
		1F08D6A52B7ACC8200D78A98 /* Views */ = {
			isa = PBXGroup;
			children = (
				1F5AA3B22B7428C400267524 /* UIView+Shimmering.swift */,
				1F5AA3B02B73DA6C00267524 /* FeedImageCell.swift */,
			);
			path = Views;
			sourceTree = "<group>";
		};
		1F08D6AA2B7AFD8900D78A98 /* Composers */ = {
			isa = PBXGroup;
			children = (
				1F08D6AB2B7AFD9F00D78A98 /* FeedUIComposer.swift */,
			);
			path = Composers;
			sourceTree = "<group>";
		};
		1F0FB64B2B6D9955001AF24D /* Frameworks */ = {
			isa = PBXGroup;
			children = (
			);
			name = Frameworks;
			sourceTree = "<group>";
		};
		1F22A0B32ADF3858000207A1 = {
			isa = PBXGroup;
			children = (
				1F22A0BF2ADF3858000207A1 /* EssentialFeed */,
				1FDEE7AA2AE2082F00DD84B2 /* EssentialFeedTests */,
				1FE17A282AF95321007CA744 /* EssentialFeedAPIEndToEndTests */,
				1F53EEDD2B605C5C00BA1056 /* EssentialFeedCacheIntegrationTests */,
				1F8FE2522B684DC7002136E8 /* EssentialFeediOS */,
				1F8FE25C2B684DC7002136E8 /* EssentialFeediOSTests */,
				1F22A0BE2ADF3858000207A1 /* Products */,
				1F0FB64B2B6D9955001AF24D /* Frameworks */,
			);
			sourceTree = "<group>";
		};
		1F22A0BE2ADF3858000207A1 /* Products */ = {
			isa = PBXGroup;
			children = (
				1F22A0BD2ADF3858000207A1 /* EssentialFeed.framework */,
				1FDEE7A92AE2082F00DD84B2 /* EssentialFeedTests.xctest */,
				1FE17A272AF95321007CA744 /* EssentialFeedAPIEndToEndTests.xctest */,
				1F53EEDC2B605C5C00BA1056 /* EssentialFeedCacheIntegrationTests.xctest */,
				1F8FE2512B684DC7002136E8 /* EssentialFeediOS.framework */,
				1F8FE2582B684DC7002136E8 /* EssentialFeediOSTests.xctest */,
			);
			name = Products;
			sourceTree = "<group>";
		};
		1F22A0BF2ADF3858000207A1 /* EssentialFeed */ = {
			isa = PBXGroup;
			children = (
				1F06E1B22B190B47003C1C18 /* Feed Cache */,
				1FD6E2092AE5750700A75A41 /* Feed API */,
				1F22A0CC2ADF3A88000207A1 /* Feed Feature */,
			);
			path = EssentialFeed;
			sourceTree = "<group>";
		};
		1F22A0CC2ADF3A88000207A1 /* Feed Feature */ = {
			isa = PBXGroup;
			children = (
				1F22A0C72ADF38FC000207A1 /* FeedImage.swift */,
				1F22A0C92ADF3959000207A1 /* FeedLoader.swift */,
			);
			path = "Feed Feature";
			sourceTree = "<group>";
		};
		1F2B423A2B179F67001D26F2 /* Feed API */ = {
			isa = PBXGroup;
			children = (
				1FE59C492AE34B5200213CD9 /* LoadFromRemoteUseCaseTests.swift */,
				1F4100392AF691EB00AE91F4 /* URLSessionHTTPClientTests.swift */,
			);
			path = "Feed API";
			sourceTree = "<group>";
		};
		1F2B423B2B179FC2001D26F2 /* Feed Cache */ = {
			isa = PBXGroup;
			children = (
				1FFBAEB62B5DF10900BBDE2A /* FeedStoreSpecs */,
				1F710AE52B23CB8A008EE34D /* Helpers */,
				1F2B423C2B179FFE001D26F2 /* LoadFromCacheUseCaseTests.swift */,
				1F710AE32B23C982008EE34D /* LoadFeedFromCacheUseCaseTests.swift */,
				1F03911E2B2A1EDB00AF6B08 /* ValidateFeedCacheUseCaseTests.swift */,
				1FC552802B4E060F000BD890 /* CodableFeedStoreTests.swift */,
				1FE2B3222B5F0B7A00897E08 /* CoreDataFeedStoreTests.swift */,
			);
			path = "Feed Cache";
			sourceTree = "<group>";
		};
		1F53EEDD2B605C5C00BA1056 /* EssentialFeedCacheIntegrationTests */ = {
			isa = PBXGroup;
			children = (
				1F53EEDE2B605C5C00BA1056 /* EssentialFeedCacheIntegrationTests.swift */,
			);
			path = EssentialFeedCacheIntegrationTests;
			sourceTree = "<group>";
		};
		1F710AE52B23CB8A008EE34D /* Helpers */ = {
			isa = PBXGroup;
			children = (
				1F710AE62B23CBA3008EE34D /* FeedStoreSpy.swift */,
				1F0391202B2A24E500AF6B08 /* FeedCacheTestHelpers.swift */,
			);
			path = Helpers;
			sourceTree = "<group>";
		};
		1F8843F82B840A7900947539 /* Feed Presentation */ = {
			isa = PBXGroup;
			children = (
				1F8843F92B840B6400947539 /* FeedPresenter.swift */,
				1F8843FB2B841DBF00947539 /* FeedImagePresenter.swift */,
				1F8843FD2B84283E00947539 /* FeedLoadingViewModel.swift */,
				1F8843FF2B84286C00947539 /* FeedViewModel.swift */,
				1F8844012B8428C000947539 /* FeedImageViewModel.swift */,
			);
			path = "Feed Presentation";
			sourceTree = "<group>";
		};
		1F8AE2BC2AF6BDB70033A02F /* Helpers */ = {
			isa = PBXGroup;
			children = (
				1F8AE2BD2AF6BDDC0033A02F /* XCTestCase+MemoryLeakTracking.swift */,
				1F0391222B2A25E600AF6B08 /* SharedTestHelpers.swift */,
			);
			path = Helpers;
			sourceTree = "<group>";
		};
		1F8FE2522B684DC7002136E8 /* EssentialFeediOS */ = {
			isa = PBXGroup;
			children = (
				1F8843F82B840A7900947539 /* Feed Presentation */,
				1F08D6A32B7ACC7200D78A98 /* Feed UI */,
				1F08D6A02B7ACC0800D78A98 /* Feed Image Loader */,
			);
			path = EssentialFeediOS;
			sourceTree = "<group>";
		};
		1F8FE25C2B684DC7002136E8 /* EssentialFeediOSTests */ = {
			isa = PBXGroup;
			children = (
				1F0FB6492B6D9142001AF24D /* FeedViewControllerTests.swift */,
			);
			path = EssentialFeediOSTests;
			sourceTree = "<group>";
		};
		1FD6E2092AE5750700A75A41 /* Feed API */ = {
			isa = PBXGroup;
			children = (
				1FD6E20A2AE5752200A75A41 /* RemoteFeedLoader.swift */,
				1F86FF492AEC6C70006CC923 /* HTTPClient.swift */,
				1F86FF4B2AEC6CC9006CC923 /* FeedItemsMapper.swift */,
				1F24CC522AF8616B0064F925 /* URLSessionHTTPClient.swift */,
				1F06A3FE2B1E572D007C24C2 /* RemoteFeedItem.swift */,
			);
			path = "Feed API";
			sourceTree = "<group>";
		};
		1FDBD34D2B6033F8000A97E5 /* Codable */ = {
			isa = PBXGroup;
			children = (
				1F4AB27B2B5C3B380025FB6A /* CodableFeedStore.swift */,
			);
			path = Codable;
			sourceTree = "<group>";
		};
		1FDEE7AA2AE2082F00DD84B2 /* EssentialFeedTests */ = {
			isa = PBXGroup;
			children = (
				1F2B423B2B179FC2001D26F2 /* Feed Cache */,
				1F2B423A2B179F67001D26F2 /* Feed API */,
				1F8AE2BC2AF6BDB70033A02F /* Helpers */,
			);
			path = EssentialFeedTests;
			sourceTree = "<group>";
		};
		1FE17A282AF95321007CA744 /* EssentialFeedAPIEndToEndTests */ = {
			isa = PBXGroup;
			children = (
				1FE17A292AF95321007CA744 /* EssentialFeedAPIEndToEndTests.swift */,
			);
			path = EssentialFeedAPIEndToEndTests;
			sourceTree = "<group>";
		};
		1FE2B3292B5F147300897E08 /* Infrastructure */ = {
			isa = PBXGroup;
			children = (
				1FDBD34D2B6033F8000A97E5 /* Codable */,
				1FE2B32A2B5F148300897E08 /* Core Data */,
			);
			path = Infrastructure;
			sourceTree = "<group>";
		};
		1FE2B32A2B5F148300897E08 /* Core Data */ = {
			isa = PBXGroup;
			children = (
				1FE2B3272B5F103100897E08 /* CoreDataFeedStore.swift */,
				1FE2B3242B5F0F9700897E08 /* FeedStore.xcdatamodeld */,
				1FDBD34E2B6034C3000A97E5 /* CoreDataHelpers.swift */,
				1FDBD3502B603589000A97E5 /* ManagedCache.swift */,
				1FDBD3522B6035C7000A97E5 /* ManagedFeedImage.swift */,
			);
			path = "Core Data";
			sourceTree = "<group>";
		};
		1FFBAEB62B5DF10900BBDE2A /* FeedStoreSpecs */ = {
			isa = PBXGroup;
			children = (
				1FFBAEB22B5DE55D00BBDE2A /* FeedStoreSpecs.swift */,
				1FFBAEB72B5DF17F00BBDE2A /* XCTestCase+FailableRetrieveFeedStoreSpecs.swift */,
				1FFBAEB92B5DF18D00BBDE2A /* XCTestCase+FailableInsertFeedStoreSpecs.swift */,
				1FFBAEBB2B5DF19B00BBDE2A /* XCTestCase+FailableDeleteFeedStoreSpecs.swift */,
				1FFBAEB42B5DE62D00BBDE2A /* XCTestCase+FeedStoreSpecs.swift */,
			);
			path = FeedStoreSpecs;
			sourceTree = "<group>";
		};
/* End PBXGroup section */

/* Begin PBXHeadersBuildPhase section */
		1F22A0B82ADF3858000207A1 /* Headers */ = {
			isa = PBXHeadersBuildPhase;
			buildActionMask = 2147483647;
			files = (
			);
			runOnlyForDeploymentPostprocessing = 0;
		};
		1F8FE24C2B684DC7002136E8 /* Headers */ = {
			isa = PBXHeadersBuildPhase;
			buildActionMask = 2147483647;
			files = (
			);
			runOnlyForDeploymentPostprocessing = 0;
		};
/* End PBXHeadersBuildPhase section */

/* Begin PBXNativeTarget section */
		1F22A0BC2ADF3858000207A1 /* EssentialFeed */ = {
			isa = PBXNativeTarget;
			buildConfigurationList = 1F22A0C42ADF3858000207A1 /* Build configuration list for PBXNativeTarget "EssentialFeed" */;
			buildPhases = (
				1F22A0B82ADF3858000207A1 /* Headers */,
				1F22A0B92ADF3858000207A1 /* Sources */,
				1F22A0BA2ADF3858000207A1 /* Frameworks */,
				1F22A0BB2ADF3858000207A1 /* Resources */,
			);
			buildRules = (
			);
			dependencies = (
			);
			name = EssentialFeed;
			productName = EssentialFeed;
			productReference = 1F22A0BD2ADF3858000207A1 /* EssentialFeed.framework */;
			productType = "com.apple.product-type.framework";
		};
		1F53EEDB2B605C5C00BA1056 /* EssentialFeedCacheIntegrationTests */ = {
			isa = PBXNativeTarget;
			buildConfigurationList = 1F53EEE52B605C5C00BA1056 /* Build configuration list for PBXNativeTarget "EssentialFeedCacheIntegrationTests" */;
			buildPhases = (
				1F53EED82B605C5C00BA1056 /* Sources */,
				1F53EED92B605C5C00BA1056 /* Frameworks */,
				1F53EEDA2B605C5C00BA1056 /* Resources */,
			);
			buildRules = (
			);
			dependencies = (
				1F53EEE22B605C5C00BA1056 /* PBXTargetDependency */,
			);
			name = EssentialFeedCacheIntegrationTests;
			productName = EssentialFeedCacheIntegrationTests;
			productReference = 1F53EEDC2B605C5C00BA1056 /* EssentialFeedCacheIntegrationTests.xctest */;
			productType = "com.apple.product-type.bundle.unit-test";
		};
		1F8FE2502B684DC7002136E8 /* EssentialFeediOS */ = {
			isa = PBXNativeTarget;
			buildConfigurationList = 1F8FE2602B684DC7002136E8 /* Build configuration list for PBXNativeTarget "EssentialFeediOS" */;
			buildPhases = (
				1F8FE24C2B684DC7002136E8 /* Headers */,
				1F8FE24D2B684DC7002136E8 /* Sources */,
				1F8FE24E2B684DC7002136E8 /* Frameworks */,
				1F8FE24F2B684DC7002136E8 /* Resources */,
				1F0FB6502B6D9956001AF24D /* Embed Frameworks */,
			);
			buildRules = (
			);
			dependencies = (
				1F0FB64F2B6D9956001AF24D /* PBXTargetDependency */,
			);
			name = EssentialFeediOS;
			productName = EssentialFeediOS;
			productReference = 1F8FE2512B684DC7002136E8 /* EssentialFeediOS.framework */;
			productType = "com.apple.product-type.framework";
		};
		1F8FE2572B684DC7002136E8 /* EssentialFeediOSTests */ = {
			isa = PBXNativeTarget;
			buildConfigurationList = 1F8FE2632B684DC7002136E8 /* Build configuration list for PBXNativeTarget "EssentialFeediOSTests" */;
			buildPhases = (
				1F8FE2542B684DC7002136E8 /* Sources */,
				1F8FE2552B684DC7002136E8 /* Frameworks */,
				1F8FE2562B684DC7002136E8 /* Resources */,
			);
			buildRules = (
			);
			dependencies = (
				1F8FE25B2B684DC7002136E8 /* PBXTargetDependency */,
			);
			name = EssentialFeediOSTests;
			productName = EssentialFeediOSTests;
			productReference = 1F8FE2582B684DC7002136E8 /* EssentialFeediOSTests.xctest */;
			productType = "com.apple.product-type.bundle.unit-test";
		};
		1FDEE7A82AE2082F00DD84B2 /* EssentialFeedTests */ = {
			isa = PBXNativeTarget;
			buildConfigurationList = 1FDEE7B22AE2082F00DD84B2 /* Build configuration list for PBXNativeTarget "EssentialFeedTests" */;
			buildPhases = (
				1FDEE7A52AE2082F00DD84B2 /* Sources */,
				1FDEE7A62AE2082F00DD84B2 /* Frameworks */,
				1FDEE7A72AE2082F00DD84B2 /* Resources */,
			);
			buildRules = (
			);
			dependencies = (
				1FDEE7AF2AE2082F00DD84B2 /* PBXTargetDependency */,
			);
			name = EssentialFeedTests;
			productName = EssentialFeedTests;
			productReference = 1FDEE7A92AE2082F00DD84B2 /* EssentialFeedTests.xctest */;
			productType = "com.apple.product-type.bundle.unit-test";
		};
		1FE17A262AF95320007CA744 /* EssentialFeedAPIEndToEndTests */ = {
			isa = PBXNativeTarget;
			buildConfigurationList = 1FE17A302AF95321007CA744 /* Build configuration list for PBXNativeTarget "EssentialFeedAPIEndToEndTests" */;
			buildPhases = (
				1FE17A232AF95320007CA744 /* Sources */,
				1FE17A242AF95320007CA744 /* Frameworks */,
				1FE17A252AF95320007CA744 /* Resources */,
			);
			buildRules = (
			);
			dependencies = (
				1FE17A2D2AF95321007CA744 /* PBXTargetDependency */,
			);
			name = EssentialFeedAPIEndToEndTests;
			productName = EssentialFeedAPIEndToEndTests;
			productReference = 1FE17A272AF95321007CA744 /* EssentialFeedAPIEndToEndTests.xctest */;
			productType = "com.apple.product-type.bundle.unit-test";
		};
/* End PBXNativeTarget section */

/* Begin PBXProject section */
		1F22A0B42ADF3858000207A1 /* Project object */ = {
			isa = PBXProject;
			attributes = {
				BuildIndependentTargetsInParallel = 1;
				LastSwiftUpdateCheck = 1300;
				LastUpgradeCheck = 1300;
				TargetAttributes = {
					1F22A0BC2ADF3858000207A1 = {
						CreatedOnToolsVersion = 13.0;
						LastSwiftMigration = 1300;
					};
					1F53EEDB2B605C5C00BA1056 = {
						CreatedOnToolsVersion = 13.0;
					};
					1F8FE2502B684DC7002136E8 = {
						CreatedOnToolsVersion = 13.0;
						LastSwiftMigration = 1300;
					};
					1F8FE2572B684DC7002136E8 = {
						CreatedOnToolsVersion = 13.0;
						LastSwiftMigration = 1300;
					};
					1FDEE7A82AE2082F00DD84B2 = {
						CreatedOnToolsVersion = 13.0;
						LastSwiftMigration = 1300;
					};
					1FE17A262AF95320007CA744 = {
						CreatedOnToolsVersion = 13.0;
					};
				};
			};
			buildConfigurationList = 1F22A0B72ADF3858000207A1 /* Build configuration list for PBXProject "EssentialFeed" */;
			compatibilityVersion = "Xcode 13.0";
			developmentRegion = en;
			hasScannedForEncodings = 0;
			knownRegions = (
				en,
				Base,
			);
			mainGroup = 1F22A0B32ADF3858000207A1;
			productRefGroup = 1F22A0BE2ADF3858000207A1 /* Products */;
			projectDirPath = "";
			projectRoot = "";
			targets = (
				1F22A0BC2ADF3858000207A1 /* EssentialFeed */,
				1FDEE7A82AE2082F00DD84B2 /* EssentialFeedTests */,
				1FE17A262AF95320007CA744 /* EssentialFeedAPIEndToEndTests */,
				1F53EEDB2B605C5C00BA1056 /* EssentialFeedCacheIntegrationTests */,
				1F8FE2502B684DC7002136E8 /* EssentialFeediOS */,
				1F8FE2572B684DC7002136E8 /* EssentialFeediOSTests */,
			);
		};
/* End PBXProject section */

/* Begin PBXResourcesBuildPhase section */
		1F22A0BB2ADF3858000207A1 /* Resources */ = {
			isa = PBXResourcesBuildPhase;
			buildActionMask = 2147483647;
			files = (
			);
			runOnlyForDeploymentPostprocessing = 0;
		};
		1F53EEDA2B605C5C00BA1056 /* Resources */ = {
			isa = PBXResourcesBuildPhase;
			buildActionMask = 2147483647;
			files = (
			);
			runOnlyForDeploymentPostprocessing = 0;
		};
		1F8FE24F2B684DC7002136E8 /* Resources */ = {
			isa = PBXResourcesBuildPhase;
			buildActionMask = 2147483647;
			files = (
			);
			runOnlyForDeploymentPostprocessing = 0;
		};
		1F8FE2562B684DC7002136E8 /* Resources */ = {
			isa = PBXResourcesBuildPhase;
			buildActionMask = 2147483647;
			files = (
			);
			runOnlyForDeploymentPostprocessing = 0;
		};
		1FDEE7A72AE2082F00DD84B2 /* Resources */ = {
			isa = PBXResourcesBuildPhase;
			buildActionMask = 2147483647;
			files = (
			);
			runOnlyForDeploymentPostprocessing = 0;
		};
		1FE17A252AF95320007CA744 /* Resources */ = {
			isa = PBXResourcesBuildPhase;
			buildActionMask = 2147483647;
			files = (
			);
			runOnlyForDeploymentPostprocessing = 0;
		};
/* End PBXResourcesBuildPhase section */

/* Begin PBXSourcesBuildPhase section */
		1F22A0B92ADF3858000207A1 /* Sources */ = {
			isa = PBXSourcesBuildPhase;
			buildActionMask = 2147483647;
			files = (
				1FE2B3262B5F0F9700897E08 /* FeedStore.xcdatamodeld in Sources */,
				1F86FF4C2AEC6CC9006CC923 /* FeedItemsMapper.swift in Sources */,
				1F22A0CA2ADF3959000207A1 /* FeedLoader.swift in Sources */,
				1F06A3FF2B1E572D007C24C2 /* RemoteFeedItem.swift in Sources */,
				1F92841C2B2B65AD0003F64A /* FeedCachePolicy.swift in Sources */,
				1FD6E20B2AE5752200A75A41 /* RemoteFeedLoader.swift in Sources */,
				1FE2B3282B5F103100897E08 /* CoreDataFeedStore.swift in Sources */,
				1FDBD3512B603589000A97E5 /* ManagedCache.swift in Sources */,
				1F06A4012B1E5787007C24C2 /* LocalFeedImage.swift in Sources */,
				1F06E1B62B190BEB003C1C18 /* FeedStore.swift in Sources */,
				1F06E1B42B190B5B003C1C18 /* LocalFeedLoader.swift in Sources */,
				1F4AB27C2B5C3B390025FB6A /* CodableFeedStore.swift in Sources */,
				1FDBD34F2B6034C3000A97E5 /* CoreDataHelpers.swift in Sources */,
				1F86FF4A2AEC6C70006CC923 /* HTTPClient.swift in Sources */,
				1FDBD3532B6035C7000A97E5 /* ManagedFeedImage.swift in Sources */,
				1F22A0C82ADF38FC000207A1 /* FeedImage.swift in Sources */,
				1F24CC532AF8616B0064F925 /* URLSessionHTTPClient.swift in Sources */,
			);
			runOnlyForDeploymentPostprocessing = 0;
		};
		1F53EED82B605C5C00BA1056 /* Sources */ = {
			isa = PBXSourcesBuildPhase;
			buildActionMask = 2147483647;
			files = (
				1F53EEE82B60629900BA1056 /* SharedTestHelpers.swift in Sources */,
				1F53EEDF2B605C5C00BA1056 /* EssentialFeedCacheIntegrationTests.swift in Sources */,
				1F53EEE72B60625D00BA1056 /* FeedCacheTestHelpers.swift in Sources */,
				1F53EEE62B605FC700BA1056 /* XCTestCase+MemoryLeakTracking.swift in Sources */,
			);
			runOnlyForDeploymentPostprocessing = 0;
		};
		1F8FE24D2B684DC7002136E8 /* Sources */ = {
			isa = PBXSourcesBuildPhase;
			buildActionMask = 2147483647;
			files = (
				1F8843FA2B840B6400947539 /* FeedPresenter.swift in Sources */,
				1F08D6A22B7ACC5000D78A98 /* FeedImageDataLoader.swift in Sources */,
				1F8844022B8428C000947539 /* FeedImageViewModel.swift in Sources */,
				1F08D6A72B7AD24500D78A98 /* FeedRefreshViewController.swift in Sources */,
				1F5AA3B32B7428C400267524 /* UIView+Shimmering.swift in Sources */,
				1F8843FC2B841DBF00947539 /* FeedImagePresenter.swift in Sources */,
				1F8844002B84286C00947539 /* FeedViewModel.swift in Sources */,
				1F0FB6532B6DA6BF001AF24D /* FeedViewController.swift in Sources */,
				1F5AA3B12B73DA6C00267524 /* FeedImageCell.swift in Sources */,
				1F8843FE2B84283E00947539 /* FeedLoadingViewModel.swift in Sources */,
				1F08D6A92B7AF6A600D78A98 /* FeedImageCellController.swift in Sources */,
				1F08D6AC2B7AFD9F00D78A98 /* FeedUIComposer.swift in Sources */,
			);
			runOnlyForDeploymentPostprocessing = 0;
		};
		1F8FE2542B684DC7002136E8 /* Sources */ = {
			isa = PBXSourcesBuildPhase;
			buildActionMask = 2147483647;
			files = (
				1F0FB64A2B6D9142001AF24D /* FeedViewControllerTests.swift in Sources */,
				1F0FB6512B6D9A50001AF24D /* XCTestCase+MemoryLeakTracking.swift in Sources */,
			);
			runOnlyForDeploymentPostprocessing = 0;
		};
		1FDEE7A52AE2082F00DD84B2 /* Sources */ = {
			isa = PBXSourcesBuildPhase;
			buildActionMask = 2147483647;
			files = (
				1FC552812B4E060F000BD890 /* CodableFeedStoreTests.swift in Sources */,
				1F03911F2B2A1EDB00AF6B08 /* ValidateFeedCacheUseCaseTests.swift in Sources */,
				1FE59C4A2AE34B5200213CD9 /* LoadFromRemoteUseCaseTests.swift in Sources */,
				1F41003A2AF691EB00AE91F4 /* URLSessionHTTPClientTests.swift in Sources */,
				1FFBAEBA2B5DF18D00BBDE2A /* XCTestCase+FailableInsertFeedStoreSpecs.swift in Sources */,
				1F710AE72B23CBA3008EE34D /* FeedStoreSpy.swift in Sources */,
				1F0391212B2A24E500AF6B08 /* FeedCacheTestHelpers.swift in Sources */,
				1F0391232B2A25E600AF6B08 /* SharedTestHelpers.swift in Sources */,
				1F2B423D2B179FFE001D26F2 /* LoadFromCacheUseCaseTests.swift in Sources */,
				1FFBAEBC2B5DF19B00BBDE2A /* XCTestCase+FailableDeleteFeedStoreSpecs.swift in Sources */,
				1FFBAEB82B5DF17F00BBDE2A /* XCTestCase+FailableRetrieveFeedStoreSpecs.swift in Sources */,
				1F710AE42B23C982008EE34D /* LoadFeedFromCacheUseCaseTests.swift in Sources */,
				1FFBAEB32B5DE55D00BBDE2A /* FeedStoreSpecs.swift in Sources */,
				1F8AE2BE2AF6BDDC0033A02F /* XCTestCase+MemoryLeakTracking.swift in Sources */,
				1FE2B3232B5F0B7A00897E08 /* CoreDataFeedStoreTests.swift in Sources */,
				1FFBAEB52B5DE62D00BBDE2A /* XCTestCase+FeedStoreSpecs.swift in Sources */,
			);
			runOnlyForDeploymentPostprocessing = 0;
		};
		1FE17A232AF95320007CA744 /* Sources */ = {
			isa = PBXSourcesBuildPhase;
			buildActionMask = 2147483647;
			files = (
				1FE17A2A2AF95321007CA744 /* EssentialFeedAPIEndToEndTests.swift in Sources */,
				1FE17A312AF95809007CA744 /* XCTestCase+MemoryLeakTracking.swift in Sources */,
			);
			runOnlyForDeploymentPostprocessing = 0;
		};
/* End PBXSourcesBuildPhase section */

/* Begin PBXTargetDependency section */
		1F0FB64F2B6D9956001AF24D /* PBXTargetDependency */ = {
			isa = PBXTargetDependency;
			platformFilter = ios;
			target = 1F22A0BC2ADF3858000207A1 /* EssentialFeed */;
			targetProxy = 1F0FB64E2B6D9956001AF24D /* PBXContainerItemProxy */;
		};
		1F53EEE22B605C5C00BA1056 /* PBXTargetDependency */ = {
			isa = PBXTargetDependency;
			target = 1F22A0BC2ADF3858000207A1 /* EssentialFeed */;
			targetProxy = 1F53EEE12B605C5C00BA1056 /* PBXContainerItemProxy */;
		};
		1F8FE25B2B684DC7002136E8 /* PBXTargetDependency */ = {
			isa = PBXTargetDependency;
			target = 1F8FE2502B684DC7002136E8 /* EssentialFeediOS */;
			targetProxy = 1F8FE25A2B684DC7002136E8 /* PBXContainerItemProxy */;
		};
		1FDEE7AF2AE2082F00DD84B2 /* PBXTargetDependency */ = {
			isa = PBXTargetDependency;
			target = 1F22A0BC2ADF3858000207A1 /* EssentialFeed */;
			targetProxy = 1FDEE7AE2AE2082F00DD84B2 /* PBXContainerItemProxy */;
		};
		1FE17A2D2AF95321007CA744 /* PBXTargetDependency */ = {
			isa = PBXTargetDependency;
			target = 1F22A0BC2ADF3858000207A1 /* EssentialFeed */;
			targetProxy = 1FE17A2C2AF95321007CA744 /* PBXContainerItemProxy */;
		};
/* End PBXTargetDependency section */

/* Begin XCBuildConfiguration section */
		1F22A0C22ADF3858000207A1 /* Debug */ = {
			isa = XCBuildConfiguration;
			buildSettings = {
				ALWAYS_SEARCH_USER_PATHS = NO;
				CLANG_ANALYZER_NONNULL = YES;
				CLANG_ANALYZER_NUMBER_OBJECT_CONVERSION = YES_AGGRESSIVE;
				CLANG_CXX_LANGUAGE_STANDARD = "gnu++17";
				CLANG_CXX_LIBRARY = "libc++";
				CLANG_ENABLE_MODULES = YES;
				CLANG_ENABLE_OBJC_ARC = YES;
				CLANG_ENABLE_OBJC_WEAK = YES;
				CLANG_WARN_BLOCK_CAPTURE_AUTORELEASING = YES;
				CLANG_WARN_BOOL_CONVERSION = YES;
				CLANG_WARN_COMMA = YES;
				CLANG_WARN_CONSTANT_CONVERSION = YES;
				CLANG_WARN_DEPRECATED_OBJC_IMPLEMENTATIONS = YES;
				CLANG_WARN_DIRECT_OBJC_ISA_USAGE = YES_ERROR;
				CLANG_WARN_DOCUMENTATION_COMMENTS = YES;
				CLANG_WARN_EMPTY_BODY = YES;
				CLANG_WARN_ENUM_CONVERSION = YES;
				CLANG_WARN_INFINITE_RECURSION = YES;
				CLANG_WARN_INT_CONVERSION = YES;
				CLANG_WARN_NON_LITERAL_NULL_CONVERSION = YES;
				CLANG_WARN_OBJC_IMPLICIT_RETAIN_SELF = YES;
				CLANG_WARN_OBJC_LITERAL_CONVERSION = YES;
				CLANG_WARN_OBJC_ROOT_CLASS = YES_ERROR;
				CLANG_WARN_QUOTED_INCLUDE_IN_FRAMEWORK_HEADER = YES;
				CLANG_WARN_RANGE_LOOP_ANALYSIS = YES;
				CLANG_WARN_STRICT_PROTOTYPES = YES;
				CLANG_WARN_SUSPICIOUS_MOVE = YES;
				CLANG_WARN_UNGUARDED_AVAILABILITY = YES_AGGRESSIVE;
				CLANG_WARN_UNREACHABLE_CODE = YES;
				CLANG_WARN__DUPLICATE_METHOD_MATCH = YES;
				COPY_PHASE_STRIP = NO;
				CURRENT_PROJECT_VERSION = 1;
				DEBUG_INFORMATION_FORMAT = dwarf;
				DRIVERKIT_DEPLOYMENT_TARGET = 20.4;
				ENABLE_STRICT_OBJC_MSGSEND = YES;
				ENABLE_TESTABILITY = YES;
				GCC_C_LANGUAGE_STANDARD = gnu11;
				GCC_DYNAMIC_NO_PIC = NO;
				GCC_NO_COMMON_BLOCKS = YES;
				GCC_OPTIMIZATION_LEVEL = 0;
				GCC_PREPROCESSOR_DEFINITIONS = (
					"DEBUG=1",
					"$(inherited)",
				);
				GCC_WARN_64_TO_32_BIT_CONVERSION = YES;
				GCC_WARN_ABOUT_RETURN_TYPE = YES_ERROR;
				GCC_WARN_UNDECLARED_SELECTOR = YES;
				GCC_WARN_UNINITIALIZED_AUTOS = YES_AGGRESSIVE;
				GCC_WARN_UNUSED_FUNCTION = YES;
				GCC_WARN_UNUSED_VARIABLE = YES;
				MACOSX_DEPLOYMENT_TARGET = 11.3;
				MTL_ENABLE_DEBUG_INFO = INCLUDE_SOURCE;
				MTL_FAST_MATH = YES;
				ONLY_ACTIVE_ARCH = YES;
				SDKROOT = driverkit;
				VERSIONING_SYSTEM = "apple-generic";
				VERSION_INFO_PREFIX = "";
			};
			name = Debug;
		};
		1F22A0C32ADF3858000207A1 /* Release */ = {
			isa = XCBuildConfiguration;
			buildSettings = {
				ALWAYS_SEARCH_USER_PATHS = NO;
				CLANG_ANALYZER_NONNULL = YES;
				CLANG_ANALYZER_NUMBER_OBJECT_CONVERSION = YES_AGGRESSIVE;
				CLANG_CXX_LANGUAGE_STANDARD = "gnu++17";
				CLANG_CXX_LIBRARY = "libc++";
				CLANG_ENABLE_MODULES = YES;
				CLANG_ENABLE_OBJC_ARC = YES;
				CLANG_ENABLE_OBJC_WEAK = YES;
				CLANG_WARN_BLOCK_CAPTURE_AUTORELEASING = YES;
				CLANG_WARN_BOOL_CONVERSION = YES;
				CLANG_WARN_COMMA = YES;
				CLANG_WARN_CONSTANT_CONVERSION = YES;
				CLANG_WARN_DEPRECATED_OBJC_IMPLEMENTATIONS = YES;
				CLANG_WARN_DIRECT_OBJC_ISA_USAGE = YES_ERROR;
				CLANG_WARN_DOCUMENTATION_COMMENTS = YES;
				CLANG_WARN_EMPTY_BODY = YES;
				CLANG_WARN_ENUM_CONVERSION = YES;
				CLANG_WARN_INFINITE_RECURSION = YES;
				CLANG_WARN_INT_CONVERSION = YES;
				CLANG_WARN_NON_LITERAL_NULL_CONVERSION = YES;
				CLANG_WARN_OBJC_IMPLICIT_RETAIN_SELF = YES;
				CLANG_WARN_OBJC_LITERAL_CONVERSION = YES;
				CLANG_WARN_OBJC_ROOT_CLASS = YES_ERROR;
				CLANG_WARN_QUOTED_INCLUDE_IN_FRAMEWORK_HEADER = YES;
				CLANG_WARN_RANGE_LOOP_ANALYSIS = YES;
				CLANG_WARN_STRICT_PROTOTYPES = YES;
				CLANG_WARN_SUSPICIOUS_MOVE = YES;
				CLANG_WARN_UNGUARDED_AVAILABILITY = YES_AGGRESSIVE;
				CLANG_WARN_UNREACHABLE_CODE = YES;
				CLANG_WARN__DUPLICATE_METHOD_MATCH = YES;
				COPY_PHASE_STRIP = NO;
				CURRENT_PROJECT_VERSION = 1;
				DEBUG_INFORMATION_FORMAT = "dwarf-with-dsym";
				DRIVERKIT_DEPLOYMENT_TARGET = 20.4;
				ENABLE_NS_ASSERTIONS = NO;
				ENABLE_STRICT_OBJC_MSGSEND = YES;
				GCC_C_LANGUAGE_STANDARD = gnu11;
				GCC_NO_COMMON_BLOCKS = YES;
				GCC_WARN_64_TO_32_BIT_CONVERSION = YES;
				GCC_WARN_ABOUT_RETURN_TYPE = YES_ERROR;
				GCC_WARN_UNDECLARED_SELECTOR = YES;
				GCC_WARN_UNINITIALIZED_AUTOS = YES_AGGRESSIVE;
				GCC_WARN_UNUSED_FUNCTION = YES;
				GCC_WARN_UNUSED_VARIABLE = YES;
				MACOSX_DEPLOYMENT_TARGET = 11.3;
				MTL_ENABLE_DEBUG_INFO = NO;
				MTL_FAST_MATH = YES;
				SDKROOT = driverkit;
				VERSIONING_SYSTEM = "apple-generic";
				VERSION_INFO_PREFIX = "";
			};
			name = Release;
		};
		1F22A0C52ADF3858000207A1 /* Debug */ = {
			isa = XCBuildConfiguration;
			buildSettings = {
				CLANG_ENABLE_MODULES = YES;
				CODE_SIGN_STYLE = Automatic;
				COMBINE_HIDPI_IMAGES = YES;
				CURRENT_PROJECT_VERSION = 1;
				DEFINES_MODULE = YES;
				DEVELOPMENT_TEAM = NAN763XSA9;
				DYLIB_COMPATIBILITY_VERSION = 1;
				DYLIB_CURRENT_VERSION = 1;
				DYLIB_INSTALL_NAME_BASE = "@rpath";
				GENERATE_INFOPLIST_FILE = YES;
				INFOPLIST_KEY_NSHumanReadableCopyright = "";
				INSTALL_PATH = "$(LOCAL_LIBRARY_DIR)/Frameworks";
				LD_RUNPATH_SEARCH_PATHS = (
					"$(inherited)",
					"@executable_path/../Frameworks",
					"@loader_path/Frameworks",
				);
				MARKETING_VERSION = 1.0;
				PRODUCT_BUNDLE_IDENTIFIER = com.dnahapet.iosdev.EssentialFeed;
				PRODUCT_NAME = "$(TARGET_NAME:c99extidentifier)";
				RUN_CLANG_STATIC_ANALYZER = YES;
				SDKROOT = macosx;
				SKIP_INSTALL = YES;
				SUPPORTED_PLATFORMS = "macosx iphoneos iphonesimulator";
				SWIFT_EMIT_LOC_STRINGS = YES;
				SWIFT_OPTIMIZATION_LEVEL = "-Onone";
				SWIFT_VERSION = 5.0;
			};
			name = Debug;
		};
		1F22A0C62ADF3858000207A1 /* Release */ = {
			isa = XCBuildConfiguration;
			buildSettings = {
				CLANG_ENABLE_MODULES = YES;
				CODE_SIGN_STYLE = Automatic;
				COMBINE_HIDPI_IMAGES = YES;
				CURRENT_PROJECT_VERSION = 1;
				DEFINES_MODULE = YES;
				DEVELOPMENT_TEAM = NAN763XSA9;
				DYLIB_COMPATIBILITY_VERSION = 1;
				DYLIB_CURRENT_VERSION = 1;
				DYLIB_INSTALL_NAME_BASE = "@rpath";
				GENERATE_INFOPLIST_FILE = YES;
				INFOPLIST_KEY_NSHumanReadableCopyright = "";
				INSTALL_PATH = "$(LOCAL_LIBRARY_DIR)/Frameworks";
				LD_RUNPATH_SEARCH_PATHS = (
					"$(inherited)",
					"@executable_path/../Frameworks",
					"@loader_path/Frameworks",
				);
				MARKETING_VERSION = 1.0;
				PRODUCT_BUNDLE_IDENTIFIER = com.dnahapet.iosdev.EssentialFeed;
				PRODUCT_NAME = "$(TARGET_NAME:c99extidentifier)";
				RUN_CLANG_STATIC_ANALYZER = YES;
				SDKROOT = macosx;
				SKIP_INSTALL = YES;
				SUPPORTED_PLATFORMS = "macosx iphoneos iphonesimulator";
				SWIFT_EMIT_LOC_STRINGS = YES;
				SWIFT_VERSION = 5.0;
			};
			name = Release;
		};
		1F53EEE32B605C5C00BA1056 /* Debug */ = {
			isa = XCBuildConfiguration;
			buildSettings = {
				CODE_SIGN_STYLE = Automatic;
				COMBINE_HIDPI_IMAGES = YES;
				CURRENT_PROJECT_VERSION = 1;
				DEVELOPMENT_TEAM = NAN763XSA9;
				GENERATE_INFOPLIST_FILE = YES;
				LD_RUNPATH_SEARCH_PATHS = (
					"$(inherited)",
					"@executable_path/../Frameworks",
					"@loader_path/../Frameworks",
				);
				MARKETING_VERSION = 1.0;
				PRODUCT_BUNDLE_IDENTIFIER = com.dnahapet.iosdev.EssentialFeedCacheIntegrationTests;
				PRODUCT_NAME = "$(TARGET_NAME)";
				SDKROOT = macosx;
				SUPPORTED_PLATFORMS = "macosx iphoneos iphonesimulator";
				SWIFT_ACTIVE_COMPILATION_CONDITIONS = DEBUG;
				SWIFT_EMIT_LOC_STRINGS = NO;
				SWIFT_OPTIMIZATION_LEVEL = "-Onone";
				SWIFT_VERSION = 5.0;
			};
			name = Debug;
		};
		1F53EEE42B605C5C00BA1056 /* Release */ = {
			isa = XCBuildConfiguration;
			buildSettings = {
				CODE_SIGN_STYLE = Automatic;
				COMBINE_HIDPI_IMAGES = YES;
				CURRENT_PROJECT_VERSION = 1;
				DEVELOPMENT_TEAM = NAN763XSA9;
				GENERATE_INFOPLIST_FILE = YES;
				LD_RUNPATH_SEARCH_PATHS = (
					"$(inherited)",
					"@executable_path/../Frameworks",
					"@loader_path/../Frameworks",
				);
				MARKETING_VERSION = 1.0;
				PRODUCT_BUNDLE_IDENTIFIER = com.dnahapet.iosdev.EssentialFeedCacheIntegrationTests;
				PRODUCT_NAME = "$(TARGET_NAME)";
				SDKROOT = macosx;
				SUPPORTED_PLATFORMS = "macosx iphoneos iphonesimulator";
				SWIFT_COMPILATION_MODE = wholemodule;
				SWIFT_EMIT_LOC_STRINGS = NO;
				SWIFT_OPTIMIZATION_LEVEL = "-O";
				SWIFT_VERSION = 5.0;
			};
			name = Release;
		};
		1F8FE2612B684DC7002136E8 /* Debug */ = {
			isa = XCBuildConfiguration;
			buildSettings = {
				CLANG_ENABLE_MODULES = YES;
				CODE_SIGN_STYLE = Automatic;
				CURRENT_PROJECT_VERSION = 1;
				DEFINES_MODULE = YES;
				DEVELOPMENT_TEAM = NAN763XSA9;
				DYLIB_COMPATIBILITY_VERSION = 1;
				DYLIB_CURRENT_VERSION = 1;
				DYLIB_INSTALL_NAME_BASE = "@rpath";
				GENERATE_INFOPLIST_FILE = YES;
				INFOPLIST_KEY_NSHumanReadableCopyright = "";
				INSTALL_PATH = "$(LOCAL_LIBRARY_DIR)/Frameworks";
				IPHONEOS_DEPLOYMENT_TARGET = 15.0;
				LD_RUNPATH_SEARCH_PATHS = (
					"$(inherited)",
					"@executable_path/Frameworks",
					"@loader_path/Frameworks",
				);
				MARKETING_VERSION = 1.0;
				PRODUCT_BUNDLE_IDENTIFIER = com.dnahapet.iosdev.essentialfeedios.EssentialFeediOS;
				PRODUCT_NAME = "$(TARGET_NAME:c99extidentifier)";
				SDKROOT = iphoneos;
				SKIP_INSTALL = YES;
				SWIFT_ACTIVE_COMPILATION_CONDITIONS = DEBUG;
				SWIFT_EMIT_LOC_STRINGS = YES;
				SWIFT_OPTIMIZATION_LEVEL = "-Onone";
				SWIFT_VERSION = 5.0;
				TARGETED_DEVICE_FAMILY = "1,2";
			};
			name = Debug;
		};
		1F8FE2622B684DC7002136E8 /* Release */ = {
			isa = XCBuildConfiguration;
			buildSettings = {
				CLANG_ENABLE_MODULES = YES;
				CODE_SIGN_STYLE = Automatic;
				CURRENT_PROJECT_VERSION = 1;
				DEFINES_MODULE = YES;
				DEVELOPMENT_TEAM = NAN763XSA9;
				DYLIB_COMPATIBILITY_VERSION = 1;
				DYLIB_CURRENT_VERSION = 1;
				DYLIB_INSTALL_NAME_BASE = "@rpath";
				GENERATE_INFOPLIST_FILE = YES;
				INFOPLIST_KEY_NSHumanReadableCopyright = "";
				INSTALL_PATH = "$(LOCAL_LIBRARY_DIR)/Frameworks";
				IPHONEOS_DEPLOYMENT_TARGET = 15.0;
				LD_RUNPATH_SEARCH_PATHS = (
					"$(inherited)",
					"@executable_path/Frameworks",
					"@loader_path/Frameworks",
				);
				MARKETING_VERSION = 1.0;
				PRODUCT_BUNDLE_IDENTIFIER = com.dnahapet.iosdev.essentialfeedios.EssentialFeediOS;
				PRODUCT_NAME = "$(TARGET_NAME:c99extidentifier)";
				SDKROOT = iphoneos;
				SKIP_INSTALL = YES;
				SWIFT_COMPILATION_MODE = wholemodule;
				SWIFT_EMIT_LOC_STRINGS = YES;
				SWIFT_OPTIMIZATION_LEVEL = "-O";
				SWIFT_VERSION = 5.0;
				TARGETED_DEVICE_FAMILY = "1,2";
				VALIDATE_PRODUCT = YES;
			};
			name = Release;
		};
		1F8FE2642B684DC7002136E8 /* Debug */ = {
			isa = XCBuildConfiguration;
			buildSettings = {
				ALWAYS_EMBED_SWIFT_STANDARD_LIBRARIES = YES;
				CLANG_ENABLE_MODULES = YES;
				CODE_SIGN_STYLE = Automatic;
				CURRENT_PROJECT_VERSION = 1;
				DEVELOPMENT_TEAM = NAN763XSA9;
				GENERATE_INFOPLIST_FILE = YES;
				IPHONEOS_DEPLOYMENT_TARGET = 15.0;
				LD_RUNPATH_SEARCH_PATHS = (
					"$(inherited)",
					"@executable_path/Frameworks",
					"@loader_path/Frameworks",
				);
				MARKETING_VERSION = 1.0;
				PRODUCT_BUNDLE_IDENTIFIER = com.dnahapet.iosdev.essentialfeedios.EssentialFeediOSTests;
				PRODUCT_NAME = "$(TARGET_NAME)";
				SDKROOT = iphoneos;
				SWIFT_ACTIVE_COMPILATION_CONDITIONS = DEBUG;
				SWIFT_EMIT_LOC_STRINGS = NO;
				SWIFT_OPTIMIZATION_LEVEL = "-Onone";
				SWIFT_VERSION = 5.0;
				TARGETED_DEVICE_FAMILY = "1,2";
			};
			name = Debug;
		};
		1F8FE2652B684DC7002136E8 /* Release */ = {
			isa = XCBuildConfiguration;
			buildSettings = {
				ALWAYS_EMBED_SWIFT_STANDARD_LIBRARIES = YES;
				CLANG_ENABLE_MODULES = YES;
				CODE_SIGN_STYLE = Automatic;
				CURRENT_PROJECT_VERSION = 1;
				DEVELOPMENT_TEAM = NAN763XSA9;
				GENERATE_INFOPLIST_FILE = YES;
				IPHONEOS_DEPLOYMENT_TARGET = 15.0;
				LD_RUNPATH_SEARCH_PATHS = (
					"$(inherited)",
					"@executable_path/Frameworks",
					"@loader_path/Frameworks",
				);
				MARKETING_VERSION = 1.0;
				PRODUCT_BUNDLE_IDENTIFIER = com.dnahapet.iosdev.essentialfeedios.EssentialFeediOSTests;
				PRODUCT_NAME = "$(TARGET_NAME)";
				SDKROOT = iphoneos;
				SWIFT_COMPILATION_MODE = wholemodule;
				SWIFT_EMIT_LOC_STRINGS = NO;
				SWIFT_OPTIMIZATION_LEVEL = "-O";
				SWIFT_VERSION = 5.0;
				TARGETED_DEVICE_FAMILY = "1,2";
				VALIDATE_PRODUCT = YES;
			};
			name = Release;
		};
		1FDEE7B02AE2082F00DD84B2 /* Debug */ = {
			isa = XCBuildConfiguration;
			buildSettings = {
				CLANG_ENABLE_MODULES = YES;
				CODE_SIGN_STYLE = Automatic;
				COMBINE_HIDPI_IMAGES = YES;
				CURRENT_PROJECT_VERSION = 1;
				DEVELOPMENT_TEAM = NAN763XSA9;
				GENERATE_INFOPLIST_FILE = YES;
				LD_RUNPATH_SEARCH_PATHS = (
					"$(inherited)",
					"@executable_path/../Frameworks",
					"@loader_path/../Frameworks",
				);
				MACOSX_DEPLOYMENT_TARGET = 11.3;
				MARKETING_VERSION = 1.0;
				PRODUCT_BUNDLE_IDENTIFIER = com.dnahapet.iosdev.EssentialFeedTests;
				PRODUCT_NAME = "$(TARGET_NAME)";
				SDKROOT = macosx;
				SUPPORTED_PLATFORMS = "macosx iphoneos iphonesimulator";
				SWIFT_ACTIVE_COMPILATION_CONDITIONS = DEBUG;
				SWIFT_EMIT_LOC_STRINGS = NO;
				SWIFT_OPTIMIZATION_LEVEL = "-Onone";
				SWIFT_VERSION = 5.0;
			};
			name = Debug;
		};
		1FDEE7B12AE2082F00DD84B2 /* Release */ = {
			isa = XCBuildConfiguration;
			buildSettings = {
				CLANG_ENABLE_MODULES = YES;
				CODE_SIGN_STYLE = Automatic;
				COMBINE_HIDPI_IMAGES = YES;
				CURRENT_PROJECT_VERSION = 1;
				DEVELOPMENT_TEAM = NAN763XSA9;
				GENERATE_INFOPLIST_FILE = YES;
				LD_RUNPATH_SEARCH_PATHS = (
					"$(inherited)",
					"@executable_path/../Frameworks",
					"@loader_path/../Frameworks",
				);
				MACOSX_DEPLOYMENT_TARGET = 11.3;
				MARKETING_VERSION = 1.0;
				PRODUCT_BUNDLE_IDENTIFIER = com.dnahapet.iosdev.EssentialFeedTests;
				PRODUCT_NAME = "$(TARGET_NAME)";
				SDKROOT = macosx;
				SUPPORTED_PLATFORMS = "macosx iphoneos iphonesimulator";
				SWIFT_COMPILATION_MODE = wholemodule;
				SWIFT_EMIT_LOC_STRINGS = NO;
				SWIFT_OPTIMIZATION_LEVEL = "-O";
				SWIFT_VERSION = 5.0;
			};
			name = Release;
		};
		1FE17A2E2AF95321007CA744 /* Debug */ = {
			isa = XCBuildConfiguration;
			buildSettings = {
				CODE_SIGN_STYLE = Automatic;
				COMBINE_HIDPI_IMAGES = YES;
				CURRENT_PROJECT_VERSION = 1;
				DEVELOPMENT_TEAM = NAN763XSA9;
				GENERATE_INFOPLIST_FILE = YES;
				LD_RUNPATH_SEARCH_PATHS = (
					"$(inherited)",
					"@executable_path/../Frameworks",
					"@loader_path/../Frameworks",
				);
				MACOSX_DEPLOYMENT_TARGET = 11.3;
				MARKETING_VERSION = 1.0;
				PRODUCT_BUNDLE_IDENTIFIER = com.dnahapet.iosdev.EssentialFeedAPIEndToEndTests;
				PRODUCT_NAME = "$(TARGET_NAME)";
				SDKROOT = macosx;
				SUPPORTED_PLATFORMS = "macosx iphonesimulator iphoneos";
				SWIFT_ACTIVE_COMPILATION_CONDITIONS = DEBUG;
				SWIFT_EMIT_LOC_STRINGS = NO;
				SWIFT_OPTIMIZATION_LEVEL = "-Onone";
				SWIFT_VERSION = 5.0;
			};
			name = Debug;
		};
		1FE17A2F2AF95321007CA744 /* Release */ = {
			isa = XCBuildConfiguration;
			buildSettings = {
				CODE_SIGN_STYLE = Automatic;
				COMBINE_HIDPI_IMAGES = YES;
				CURRENT_PROJECT_VERSION = 1;
				DEVELOPMENT_TEAM = NAN763XSA9;
				GENERATE_INFOPLIST_FILE = YES;
				LD_RUNPATH_SEARCH_PATHS = (
					"$(inherited)",
					"@executable_path/../Frameworks",
					"@loader_path/../Frameworks",
				);
				MACOSX_DEPLOYMENT_TARGET = 11.3;
				MARKETING_VERSION = 1.0;
				PRODUCT_BUNDLE_IDENTIFIER = com.dnahapet.iosdev.EssentialFeedAPIEndToEndTests;
				PRODUCT_NAME = "$(TARGET_NAME)";
				SDKROOT = macosx;
				SUPPORTED_PLATFORMS = "macosx iphonesimulator iphoneos";
				SWIFT_COMPILATION_MODE = wholemodule;
				SWIFT_EMIT_LOC_STRINGS = NO;
				SWIFT_OPTIMIZATION_LEVEL = "-O";
				SWIFT_VERSION = 5.0;
			};
			name = Release;
		};
/* End XCBuildConfiguration section */

/* Begin XCConfigurationList section */
		1F22A0B72ADF3858000207A1 /* Build configuration list for PBXProject "EssentialFeed" */ = {
			isa = XCConfigurationList;
			buildConfigurations = (
				1F22A0C22ADF3858000207A1 /* Debug */,
				1F22A0C32ADF3858000207A1 /* Release */,
			);
			defaultConfigurationIsVisible = 0;
			defaultConfigurationName = Release;
		};
		1F22A0C42ADF3858000207A1 /* Build configuration list for PBXNativeTarget "EssentialFeed" */ = {
			isa = XCConfigurationList;
			buildConfigurations = (
				1F22A0C52ADF3858000207A1 /* Debug */,
				1F22A0C62ADF3858000207A1 /* Release */,
			);
			defaultConfigurationIsVisible = 0;
			defaultConfigurationName = Release;
		};
		1F53EEE52B605C5C00BA1056 /* Build configuration list for PBXNativeTarget "EssentialFeedCacheIntegrationTests" */ = {
			isa = XCConfigurationList;
			buildConfigurations = (
				1F53EEE32B605C5C00BA1056 /* Debug */,
				1F53EEE42B605C5C00BA1056 /* Release */,
			);
			defaultConfigurationIsVisible = 0;
			defaultConfigurationName = Release;
		};
		1F8FE2602B684DC7002136E8 /* Build configuration list for PBXNativeTarget "EssentialFeediOS" */ = {
			isa = XCConfigurationList;
			buildConfigurations = (
				1F8FE2612B684DC7002136E8 /* Debug */,
				1F8FE2622B684DC7002136E8 /* Release */,
			);
			defaultConfigurationIsVisible = 0;
			defaultConfigurationName = Release;
		};
		1F8FE2632B684DC7002136E8 /* Build configuration list for PBXNativeTarget "EssentialFeediOSTests" */ = {
			isa = XCConfigurationList;
			buildConfigurations = (
				1F8FE2642B684DC7002136E8 /* Debug */,
				1F8FE2652B684DC7002136E8 /* Release */,
			);
			defaultConfigurationIsVisible = 0;
			defaultConfigurationName = Release;
		};
		1FDEE7B22AE2082F00DD84B2 /* Build configuration list for PBXNativeTarget "EssentialFeedTests" */ = {
			isa = XCConfigurationList;
			buildConfigurations = (
				1FDEE7B02AE2082F00DD84B2 /* Debug */,
				1FDEE7B12AE2082F00DD84B2 /* Release */,
			);
			defaultConfigurationIsVisible = 0;
			defaultConfigurationName = Release;
		};
		1FE17A302AF95321007CA744 /* Build configuration list for PBXNativeTarget "EssentialFeedAPIEndToEndTests" */ = {
			isa = XCConfigurationList;
			buildConfigurations = (
				1FE17A2E2AF95321007CA744 /* Debug */,
				1FE17A2F2AF95321007CA744 /* Release */,
			);
			defaultConfigurationIsVisible = 0;
			defaultConfigurationName = Release;
		};
/* End XCConfigurationList section */

/* Begin XCVersionGroup section */
		1FE2B3242B5F0F9700897E08 /* FeedStore.xcdatamodeld */ = {
			isa = XCVersionGroup;
			children = (
				1FE2B3252B5F0F9700897E08 /* FeedStore.xcdatamodel */,
			);
			currentVersion = 1FE2B3252B5F0F9700897E08 /* FeedStore.xcdatamodel */;
			path = FeedStore.xcdatamodeld;
			sourceTree = "<group>";
			versionGroupType = wrapper.xcdatamodel;
		};
/* End XCVersionGroup section */
	};
	rootObject = 1F22A0B42ADF3858000207A1 /* Project object */;
}
