// !$*UTF8*$!
{
	archiveVersion = 1;
	classes = {
	};
	objectVersion = 55;
	objects = {

/* Begin PBXBuildFile section */
		1F06E1B42B190B5B003C1C18 /* LocalFeedLoader.swift in Sources */ = {isa = PBXBuildFile; fileRef = 1F06E1B32B190B5B003C1C18 /* LocalFeedLoader.swift */; };
		1F22A0C82ADF38FC000207A1 /* FeedItem.swift in Sources */ = {isa = PBXBuildFile; fileRef = 1F22A0C72ADF38FC000207A1 /* FeedItem.swift */; };
		1F22A0CA2ADF3959000207A1 /* FeedLoader.swift in Sources */ = {isa = PBXBuildFile; fileRef = 1F22A0C92ADF3959000207A1 /* FeedLoader.swift */; };
		1F24CC532AF8616B0064F925 /* URLSessionHTTPClient.swift in Sources */ = {isa = PBXBuildFile; fileRef = 1F24CC522AF8616B0064F925 /* URLSessionHTTPClient.swift */; };
		1F2B423D2B179FFE001D26F2 /* LoadFromCacheUseCaseTests.swift in Sources */ = {isa = PBXBuildFile; fileRef = 1F2B423C2B179FFE001D26F2 /* LoadFromCacheUseCaseTests.swift */; };
		1F41003A2AF691EB00AE91F4 /* URLSessionHTTPClientTests.swift in Sources */ = {isa = PBXBuildFile; fileRef = 1F4100392AF691EB00AE91F4 /* URLSessionHTTPClientTests.swift */; };
		1F86FF4A2AEC6C70006CC923 /* HTTPClient.swift in Sources */ = {isa = PBXBuildFile; fileRef = 1F86FF492AEC6C70006CC923 /* HTTPClient.swift */; };
		1F86FF4C2AEC6CC9006CC923 /* FeedItemsMapper.swift in Sources */ = {isa = PBXBuildFile; fileRef = 1F86FF4B2AEC6CC9006CC923 /* FeedItemsMapper.swift */; };
		1F8AE2BE2AF6BDDC0033A02F /* XCTestCase+MemoryLeakTracking.swift in Sources */ = {isa = PBXBuildFile; fileRef = 1F8AE2BD2AF6BDDC0033A02F /* XCTestCase+MemoryLeakTracking.swift */; };
		1FD6E20B2AE5752200A75A41 /* RemoteFeedLoader.swift in Sources */ = {isa = PBXBuildFile; fileRef = 1FD6E20A2AE5752200A75A41 /* RemoteFeedLoader.swift */; };
		1FDEE7AD2AE2082F00DD84B2 /* EssentialFeed.framework in Frameworks */ = {isa = PBXBuildFile; fileRef = 1F22A0BD2ADF3858000207A1 /* EssentialFeed.framework */; };
		1FE17A2A2AF95321007CA744 /* EssentialFeedAPIEndToEndTests.swift in Sources */ = {isa = PBXBuildFile; fileRef = 1FE17A292AF95321007CA744 /* EssentialFeedAPIEndToEndTests.swift */; };
		1FE17A2B2AF95321007CA744 /* EssentialFeed.framework in Frameworks */ = {isa = PBXBuildFile; fileRef = 1F22A0BD2ADF3858000207A1 /* EssentialFeed.framework */; };
		1FE17A312AF95809007CA744 /* XCTestCase+MemoryLeakTracking.swift in Sources */ = {isa = PBXBuildFile; fileRef = 1F8AE2BD2AF6BDDC0033A02F /* XCTestCase+MemoryLeakTracking.swift */; };
		1FE59C4A2AE34B5200213CD9 /* LoadFromRemoteUseCaseTests.swift in Sources */ = {isa = PBXBuildFile; fileRef = 1FE59C492AE34B5200213CD9 /* LoadFromRemoteUseCaseTests.swift */; };
/* End PBXBuildFile section */

/* Begin PBXContainerItemProxy section */
		1FDEE7AE2AE2082F00DD84B2 /* PBXContainerItemProxy */ = {
			isa = PBXContainerItemProxy;
			containerPortal = 1F22A0B42ADF3858000207A1 /* Project object */;
			proxyType = 1;
			remoteGlobalIDString = 1F22A0BC2ADF3858000207A1;
			remoteInfo = EssentialFeed;
		};
		1FE17A2C2AF95321007CA744 /* PBXContainerItemProxy */ = {
			isa = PBXContainerItemProxy;
			containerPortal = 1F22A0B42ADF3858000207A1 /* Project object */;
			proxyType = 1;
			remoteGlobalIDString = 1F22A0BC2ADF3858000207A1;
			remoteInfo = EssentialFeed;
		};
/* End PBXContainerItemProxy section */

/* Begin PBXFileReference section */
		1F06E1B32B190B5B003C1C18 /* LocalFeedLoader.swift */ = {isa = PBXFileReference; lastKnownFileType = sourcecode.swift; path = LocalFeedLoader.swift; sourceTree = "<group>"; };
		1F22A0BD2ADF3858000207A1 /* EssentialFeed.framework */ = {isa = PBXFileReference; explicitFileType = wrapper.framework; includeInIndex = 0; path = EssentialFeed.framework; sourceTree = BUILT_PRODUCTS_DIR; };
		1F22A0C72ADF38FC000207A1 /* FeedItem.swift */ = {isa = PBXFileReference; lastKnownFileType = sourcecode.swift; path = FeedItem.swift; sourceTree = "<group>"; };
		1F22A0C92ADF3959000207A1 /* FeedLoader.swift */ = {isa = PBXFileReference; lastKnownFileType = sourcecode.swift; path = FeedLoader.swift; sourceTree = "<group>"; };
		1F24CC522AF8616B0064F925 /* URLSessionHTTPClient.swift */ = {isa = PBXFileReference; lastKnownFileType = sourcecode.swift; path = URLSessionHTTPClient.swift; sourceTree = "<group>"; };
		1F2B423C2B179FFE001D26F2 /* LoadFromCacheUseCaseTests.swift */ = {isa = PBXFileReference; lastKnownFileType = sourcecode.swift; path = LoadFromCacheUseCaseTests.swift; sourceTree = "<group>"; };
		1F4100392AF691EB00AE91F4 /* URLSessionHTTPClientTests.swift */ = {isa = PBXFileReference; lastKnownFileType = sourcecode.swift; path = URLSessionHTTPClientTests.swift; sourceTree = "<group>"; };
		1F86FF492AEC6C70006CC923 /* HTTPClient.swift */ = {isa = PBXFileReference; lastKnownFileType = sourcecode.swift; path = HTTPClient.swift; sourceTree = "<group>"; };
		1F86FF4B2AEC6CC9006CC923 /* FeedItemsMapper.swift */ = {isa = PBXFileReference; lastKnownFileType = sourcecode.swift; path = FeedItemsMapper.swift; sourceTree = "<group>"; };
		1F8AE2BD2AF6BDDC0033A02F /* XCTestCase+MemoryLeakTracking.swift */ = {isa = PBXFileReference; lastKnownFileType = sourcecode.swift; path = "XCTestCase+MemoryLeakTracking.swift"; sourceTree = "<group>"; };
		1FD6E20A2AE5752200A75A41 /* RemoteFeedLoader.swift */ = {isa = PBXFileReference; lastKnownFileType = sourcecode.swift; path = RemoteFeedLoader.swift; sourceTree = "<group>"; };
		1FDEE7A92AE2082F00DD84B2 /* EssentialFeedTests.xctest */ = {isa = PBXFileReference; explicitFileType = wrapper.cfbundle; includeInIndex = 0; path = EssentialFeedTests.xctest; sourceTree = BUILT_PRODUCTS_DIR; };
		1FE17A272AF95321007CA744 /* EssentialFeedAPIEndToEndTests.xctest */ = {isa = PBXFileReference; explicitFileType = wrapper.cfbundle; includeInIndex = 0; path = EssentialFeedAPIEndToEndTests.xctest; sourceTree = BUILT_PRODUCTS_DIR; };
		1FE17A292AF95321007CA744 /* EssentialFeedAPIEndToEndTests.swift */ = {isa = PBXFileReference; lastKnownFileType = sourcecode.swift; path = EssentialFeedAPIEndToEndTests.swift; sourceTree = "<group>"; };
		1FE59C492AE34B5200213CD9 /* LoadFromRemoteUseCaseTests.swift */ = {isa = PBXFileReference; lastKnownFileType = sourcecode.swift; path = LoadFromRemoteUseCaseTests.swift; sourceTree = "<group>"; };
/* End PBXFileReference section */

/* Begin PBXFrameworksBuildPhase section */
		1F22A0BA2ADF3858000207A1 /* Frameworks */ = {
			isa = PBXFrameworksBuildPhase;
			buildActionMask = 2147483647;
			files = (
			);
			runOnlyForDeploymentPostprocessing = 0;
		};
		1FDEE7A62AE2082F00DD84B2 /* Frameworks */ = {
			isa = PBXFrameworksBuildPhase;
			buildActionMask = 2147483647;
			files = (
				1FDEE7AD2AE2082F00DD84B2 /* EssentialFeed.framework in Frameworks */,
			);
			runOnlyForDeploymentPostprocessing = 0;
		};
		1FE17A242AF95320007CA744 /* Frameworks */ = {
			isa = PBXFrameworksBuildPhase;
			buildActionMask = 2147483647;
			files = (
				1FE17A2B2AF95321007CA744 /* EssentialFeed.framework in Frameworks */,
			);
			runOnlyForDeploymentPostprocessing = 0;
		};
/* End PBXFrameworksBuildPhase section */

/* Begin PBXGroup section */
		1F06E1B22B190B47003C1C18 /* Feed Cache */ = {
			isa = PBXGroup;
			children = (
				1F06E1B32B190B5B003C1C18 /* LocalFeedLoader.swift */,
			);
			path = "Feed Cache";
			sourceTree = "<group>";
		};
		1F22A0B32ADF3858000207A1 = {
			isa = PBXGroup;
			children = (
				1F22A0BF2ADF3858000207A1 /* EssentialFeed */,
				1FDEE7AA2AE2082F00DD84B2 /* EssentialFeedTests */,
				1FE17A282AF95321007CA744 /* EssentialFeedAPIEndToEndTests */,
				1F22A0BE2ADF3858000207A1 /* Products */,
			);
			sourceTree = "<group>";
		};
		1F22A0BE2ADF3858000207A1 /* Products */ = {
			isa = PBXGroup;
			children = (
				1F22A0BD2ADF3858000207A1 /* EssentialFeed.framework */,
				1FDEE7A92AE2082F00DD84B2 /* EssentialFeedTests.xctest */,
				1FE17A272AF95321007CA744 /* EssentialFeedAPIEndToEndTests.xctest */,
			);
			name = Products;
			sourceTree = "<group>";
		};
		1F22A0BF2ADF3858000207A1 /* EssentialFeed */ = {
			isa = PBXGroup;
			children = (
				1F06E1B22B190B47003C1C18 /* Feed Cache */,
				1FD6E2092AE5750700A75A41 /* Feed API */,
				1F22A0CC2ADF3A88000207A1 /* Feed Feature */,
			);
			path = EssentialFeed;
			sourceTree = "<group>";
		};
		1F22A0CC2ADF3A88000207A1 /* Feed Feature */ = {
			isa = PBXGroup;
			children = (
				1F22A0C72ADF38FC000207A1 /* FeedItem.swift */,
				1F22A0C92ADF3959000207A1 /* FeedLoader.swift */,
			);
			path = "Feed Feature";
			sourceTree = "<group>";
		};
		1F2B423A2B179F67001D26F2 /* Feed API */ = {
			isa = PBXGroup;
			children = (
				1FE59C492AE34B5200213CD9 /* LoadFromRemoteUseCaseTests.swift */,
				1F4100392AF691EB00AE91F4 /* URLSessionHTTPClientTests.swift */,
			);
			path = "Feed API";
			sourceTree = "<group>";
		};
		1F2B423B2B179FC2001D26F2 /* Feed Cache */ = {
			isa = PBXGroup;
			children = (
				1F2B423C2B179FFE001D26F2 /* LoadFromCacheUseCaseTests.swift */,
			);
			path = "Feed Cache";
			sourceTree = "<group>";
		};
		1F8AE2BC2AF6BDB70033A02F /* Helpers */ = {
			isa = PBXGroup;
			children = (
				1F8AE2BD2AF6BDDC0033A02F /* XCTestCase+MemoryLeakTracking.swift */,
			);
			path = Helpers;
			sourceTree = "<group>";
		};
		1FD6E2092AE5750700A75A41 /* Feed API */ = {
			isa = PBXGroup;
			children = (
				1FD6E20A2AE5752200A75A41 /* RemoteFeedLoader.swift */,
				1F86FF492AEC6C70006CC923 /* HTTPClient.swift */,
				1F86FF4B2AEC6CC9006CC923 /* FeedItemsMapper.swift */,
				1F24CC522AF8616B0064F925 /* URLSessionHTTPClient.swift */,
			);
			path = "Feed API";
			sourceTree = "<group>";
		};
		1FDEE7AA2AE2082F00DD84B2 /* EssentialFeedTests */ = {
			isa = PBXGroup;
			children = (
				1F2B423B2B179FC2001D26F2 /* Feed Cache */,
				1F2B423A2B179F67001D26F2 /* Feed API */,
				1F8AE2BC2AF6BDB70033A02F /* Helpers */,
			);
			path = EssentialFeedTests;
			sourceTree = "<group>";
		};
		1FE17A282AF95321007CA744 /* EssentialFeedAPIEndToEndTests */ = {
			isa = PBXGroup;
			children = (
				1FE17A292AF95321007CA744 /* EssentialFeedAPIEndToEndTests.swift */,
			);
			path = EssentialFeedAPIEndToEndTests;
			sourceTree = "<group>";
		};
/* End PBXGroup section */

/* Begin PBXHeadersBuildPhase section */
		1F22A0B82ADF3858000207A1 /* Headers */ = {
			isa = PBXHeadersBuildPhase;
			buildActionMask = 2147483647;
			files = (
			);
			runOnlyForDeploymentPostprocessing = 0;
		};
/* End PBXHeadersBuildPhase section */

/* Begin PBXNativeTarget section */
		1F22A0BC2ADF3858000207A1 /* EssentialFeed */ = {
			isa = PBXNativeTarget;
			buildConfigurationList = 1F22A0C42ADF3858000207A1 /* Build configuration list for PBXNativeTarget "EssentialFeed" */;
			buildPhases = (
				1F22A0B82ADF3858000207A1 /* Headers */,
				1F22A0B92ADF3858000207A1 /* Sources */,
				1F22A0BA2ADF3858000207A1 /* Frameworks */,
				1F22A0BB2ADF3858000207A1 /* Resources */,
			);
			buildRules = (
			);
			dependencies = (
			);
			name = EssentialFeed;
			productName = EssentialFeed;
			productReference = 1F22A0BD2ADF3858000207A1 /* EssentialFeed.framework */;
			productType = "com.apple.product-type.framework";
		};
		1FDEE7A82AE2082F00DD84B2 /* EssentialFeedTests */ = {
			isa = PBXNativeTarget;
			buildConfigurationList = 1FDEE7B22AE2082F00DD84B2 /* Build configuration list for PBXNativeTarget "EssentialFeedTests" */;
			buildPhases = (
				1FDEE7A52AE2082F00DD84B2 /* Sources */,
				1FDEE7A62AE2082F00DD84B2 /* Frameworks */,
				1FDEE7A72AE2082F00DD84B2 /* Resources */,
			);
			buildRules = (
			);
			dependencies = (
				1FDEE7AF2AE2082F00DD84B2 /* PBXTargetDependency */,
			);
			name = EssentialFeedTests;
			productName = EssentialFeedTests;
			productReference = 1FDEE7A92AE2082F00DD84B2 /* EssentialFeedTests.xctest */;
			productType = "com.apple.product-type.bundle.unit-test";
		};
		1FE17A262AF95320007CA744 /* EssentialFeedAPIEndToEndTests */ = {
			isa = PBXNativeTarget;
			buildConfigurationList = 1FE17A302AF95321007CA744 /* Build configuration list for PBXNativeTarget "EssentialFeedAPIEndToEndTests" */;
			buildPhases = (
				1FE17A232AF95320007CA744 /* Sources */,
				1FE17A242AF95320007CA744 /* Frameworks */,
				1FE17A252AF95320007CA744 /* Resources */,
			);
			buildRules = (
			);
			dependencies = (
				1FE17A2D2AF95321007CA744 /* PBXTargetDependency */,
			);
			name = EssentialFeedAPIEndToEndTests;
			productName = EssentialFeedAPIEndToEndTests;
			productReference = 1FE17A272AF95321007CA744 /* EssentialFeedAPIEndToEndTests.xctest */;
			productType = "com.apple.product-type.bundle.unit-test";
		};
/* End PBXNativeTarget section */

/* Begin PBXProject section */
		1F22A0B42ADF3858000207A1 /* Project object */ = {
			isa = PBXProject;
			attributes = {
				BuildIndependentTargetsInParallel = 1;
				LastSwiftUpdateCheck = 1300;
				LastUpgradeCheck = 1300;
				TargetAttributes = {
					1F22A0BC2ADF3858000207A1 = {
						CreatedOnToolsVersion = 13.0;
						LastSwiftMigration = 1300;
					};
					1FDEE7A82AE2082F00DD84B2 = {
						CreatedOnToolsVersion = 13.0;
						LastSwiftMigration = 1300;
					};
					1FE17A262AF95320007CA744 = {
						CreatedOnToolsVersion = 13.0;
					};
				};
			};
			buildConfigurationList = 1F22A0B72ADF3858000207A1 /* Build configuration list for PBXProject "EssentialFeed" */;
			compatibilityVersion = "Xcode 13.0";
			developmentRegion = en;
			hasScannedForEncodings = 0;
			knownRegions = (
				en,
				Base,
			);
			mainGroup = 1F22A0B32ADF3858000207A1;
			productRefGroup = 1F22A0BE2ADF3858000207A1 /* Products */;
			projectDirPath = "";
			projectRoot = "";
			targets = (
				1F22A0BC2ADF3858000207A1 /* EssentialFeed */,
				1FDEE7A82AE2082F00DD84B2 /* EssentialFeedTests */,
				1FE17A262AF95320007CA744 /* EssentialFeedAPIEndToEndTests */,
			);
		};
/* End PBXProject section */

/* Begin PBXResourcesBuildPhase section */
		1F22A0BB2ADF3858000207A1 /* Resources */ = {
			isa = PBXResourcesBuildPhase;
			buildActionMask = 2147483647;
			files = (
			);
			runOnlyForDeploymentPostprocessing = 0;
		};
		1FDEE7A72AE2082F00DD84B2 /* Resources */ = {
			isa = PBXResourcesBuildPhase;
			buildActionMask = 2147483647;
			files = (
			);
			runOnlyForDeploymentPostprocessing = 0;
		};
		1FE17A252AF95320007CA744 /* Resources */ = {
			isa = PBXResourcesBuildPhase;
			buildActionMask = 2147483647;
			files = (
			);
			runOnlyForDeploymentPostprocessing = 0;
		};
/* End PBXResourcesBuildPhase section */

/* Begin PBXSourcesBuildPhase section */
		1F22A0B92ADF3858000207A1 /* Sources */ = {
			isa = PBXSourcesBuildPhase;
			buildActionMask = 2147483647;
			files = (
				1F86FF4C2AEC6CC9006CC923 /* FeedItemsMapper.swift in Sources */,
				1F22A0CA2ADF3959000207A1 /* FeedLoader.swift in Sources */,
				1FD6E20B2AE5752200A75A41 /* RemoteFeedLoader.swift in Sources */,
				1F06E1B42B190B5B003C1C18 /* LocalFeedLoader.swift in Sources */,
				1F86FF4A2AEC6C70006CC923 /* HTTPClient.swift in Sources */,
				1F22A0C82ADF38FC000207A1 /* FeedItem.swift in Sources */,
				1F24CC532AF8616B0064F925 /* URLSessionHTTPClient.swift in Sources */,
			);
			runOnlyForDeploymentPostprocessing = 0;
		};
		1FDEE7A52AE2082F00DD84B2 /* Sources */ = {
			isa = PBXSourcesBuildPhase;
			buildActionMask = 2147483647;
			files = (
				1FE59C4A2AE34B5200213CD9 /* LoadFromRemoteUseCaseTests.swift in Sources */,
				1F41003A2AF691EB00AE91F4 /* URLSessionHTTPClientTests.swift in Sources */,
				1F2B423D2B179FFE001D26F2 /* LoadFromCacheUseCaseTests.swift in Sources */,
				1F8AE2BE2AF6BDDC0033A02F /* XCTestCase+MemoryLeakTracking.swift in Sources */,
			);
			runOnlyForDeploymentPostprocessing = 0;
		};
		1FE17A232AF95320007CA744 /* Sources */ = {
			isa = PBXSourcesBuildPhase;
			buildActionMask = 2147483647;
			files = (
				1FE17A2A2AF95321007CA744 /* EssentialFeedAPIEndToEndTests.swift in Sources */,
				1FE17A312AF95809007CA744 /* XCTestCase+MemoryLeakTracking.swift in Sources */,
			);
			runOnlyForDeploymentPostprocessing = 0;
		};
/* End PBXSourcesBuildPhase section */

/* Begin PBXTargetDependency section */
		1FDEE7AF2AE2082F00DD84B2 /* PBXTargetDependency */ = {
			isa = PBXTargetDependency;
			target = 1F22A0BC2ADF3858000207A1 /* EssentialFeed */;
			targetProxy = 1FDEE7AE2AE2082F00DD84B2 /* PBXContainerItemProxy */;
		};
		1FE17A2D2AF95321007CA744 /* PBXTargetDependency */ = {
			isa = PBXTargetDependency;
			target = 1F22A0BC2ADF3858000207A1 /* EssentialFeed */;
			targetProxy = 1FE17A2C2AF95321007CA744 /* PBXContainerItemProxy */;
		};
/* End PBXTargetDependency section */

/* Begin XCBuildConfiguration section */
		1F22A0C22ADF3858000207A1 /* Debug */ = {
			isa = XCBuildConfiguration;
			buildSettings = {
				ALWAYS_SEARCH_USER_PATHS = NO;
				CLANG_ANALYZER_NONNULL = YES;
				CLANG_ANALYZER_NUMBER_OBJECT_CONVERSION = YES_AGGRESSIVE;
				CLANG_CXX_LANGUAGE_STANDARD = "gnu++17";
				CLANG_CXX_LIBRARY = "libc++";
				CLANG_ENABLE_MODULES = YES;
				CLANG_ENABLE_OBJC_ARC = YES;
				CLANG_ENABLE_OBJC_WEAK = YES;
				CLANG_WARN_BLOCK_CAPTURE_AUTORELEASING = YES;
				CLANG_WARN_BOOL_CONVERSION = YES;
				CLANG_WARN_COMMA = YES;
				CLANG_WARN_CONSTANT_CONVERSION = YES;
				CLANG_WARN_DEPRECATED_OBJC_IMPLEMENTATIONS = YES;
				CLANG_WARN_DIRECT_OBJC_ISA_USAGE = YES_ERROR;
				CLANG_WARN_DOCUMENTATION_COMMENTS = YES;
				CLANG_WARN_EMPTY_BODY = YES;
				CLANG_WARN_ENUM_CONVERSION = YES;
				CLANG_WARN_INFINITE_RECURSION = YES;
				CLANG_WARN_INT_CONVERSION = YES;
				CLANG_WARN_NON_LITERAL_NULL_CONVERSION = YES;
				CLANG_WARN_OBJC_IMPLICIT_RETAIN_SELF = YES;
				CLANG_WARN_OBJC_LITERAL_CONVERSION = YES;
				CLANG_WARN_OBJC_ROOT_CLASS = YES_ERROR;
				CLANG_WARN_QUOTED_INCLUDE_IN_FRAMEWORK_HEADER = YES;
				CLANG_WARN_RANGE_LOOP_ANALYSIS = YES;
				CLANG_WARN_STRICT_PROTOTYPES = YES;
				CLANG_WARN_SUSPICIOUS_MOVE = YES;
				CLANG_WARN_UNGUARDED_AVAILABILITY = YES_AGGRESSIVE;
				CLANG_WARN_UNREACHABLE_CODE = YES;
				CLANG_WARN__DUPLICATE_METHOD_MATCH = YES;
				COPY_PHASE_STRIP = NO;
				CURRENT_PROJECT_VERSION = 1;
				DEBUG_INFORMATION_FORMAT = dwarf;
				DRIVERKIT_DEPLOYMENT_TARGET = 20.4;
				ENABLE_STRICT_OBJC_MSGSEND = YES;
				ENABLE_TESTABILITY = YES;
				GCC_C_LANGUAGE_STANDARD = gnu11;
				GCC_DYNAMIC_NO_PIC = NO;
				GCC_NO_COMMON_BLOCKS = YES;
				GCC_OPTIMIZATION_LEVEL = 0;
				GCC_PREPROCESSOR_DEFINITIONS = (
					"DEBUG=1",
					"$(inherited)",
				);
				GCC_WARN_64_TO_32_BIT_CONVERSION = YES;
				GCC_WARN_ABOUT_RETURN_TYPE = YES_ERROR;
				GCC_WARN_UNDECLARED_SELECTOR = YES;
				GCC_WARN_UNINITIALIZED_AUTOS = YES_AGGRESSIVE;
				GCC_WARN_UNUSED_FUNCTION = YES;
				GCC_WARN_UNUSED_VARIABLE = YES;
				MACOSX_DEPLOYMENT_TARGET = 11.3;
				MTL_ENABLE_DEBUG_INFO = INCLUDE_SOURCE;
				MTL_FAST_MATH = YES;
				ONLY_ACTIVE_ARCH = YES;
				SDKROOT = driverkit;
				VERSIONING_SYSTEM = "apple-generic";
				VERSION_INFO_PREFIX = "";
			};
			name = Debug;
		};
		1F22A0C32ADF3858000207A1 /* Release */ = {
			isa = XCBuildConfiguration;
			buildSettings = {
				ALWAYS_SEARCH_USER_PATHS = NO;
				CLANG_ANALYZER_NONNULL = YES;
				CLANG_ANALYZER_NUMBER_OBJECT_CONVERSION = YES_AGGRESSIVE;
				CLANG_CXX_LANGUAGE_STANDARD = "gnu++17";
				CLANG_CXX_LIBRARY = "libc++";
				CLANG_ENABLE_MODULES = YES;
				CLANG_ENABLE_OBJC_ARC = YES;
				CLANG_ENABLE_OBJC_WEAK = YES;
				CLANG_WARN_BLOCK_CAPTURE_AUTORELEASING = YES;
				CLANG_WARN_BOOL_CONVERSION = YES;
				CLANG_WARN_COMMA = YES;
				CLANG_WARN_CONSTANT_CONVERSION = YES;
				CLANG_WARN_DEPRECATED_OBJC_IMPLEMENTATIONS = YES;
				CLANG_WARN_DIRECT_OBJC_ISA_USAGE = YES_ERROR;
				CLANG_WARN_DOCUMENTATION_COMMENTS = YES;
				CLANG_WARN_EMPTY_BODY = YES;
				CLANG_WARN_ENUM_CONVERSION = YES;
				CLANG_WARN_INFINITE_RECURSION = YES;
				CLANG_WARN_INT_CONVERSION = YES;
				CLANG_WARN_NON_LITERAL_NULL_CONVERSION = YES;
				CLANG_WARN_OBJC_IMPLICIT_RETAIN_SELF = YES;
				CLANG_WARN_OBJC_LITERAL_CONVERSION = YES;
				CLANG_WARN_OBJC_ROOT_CLASS = YES_ERROR;
				CLANG_WARN_QUOTED_INCLUDE_IN_FRAMEWORK_HEADER = YES;
				CLANG_WARN_RANGE_LOOP_ANALYSIS = YES;
				CLANG_WARN_STRICT_PROTOTYPES = YES;
				CLANG_WARN_SUSPICIOUS_MOVE = YES;
				CLANG_WARN_UNGUARDED_AVAILABILITY = YES_AGGRESSIVE;
				CLANG_WARN_UNREACHABLE_CODE = YES;
				CLANG_WARN__DUPLICATE_METHOD_MATCH = YES;
				COPY_PHASE_STRIP = NO;
				CURRENT_PROJECT_VERSION = 1;
				DEBUG_INFORMATION_FORMAT = "dwarf-with-dsym";
				DRIVERKIT_DEPLOYMENT_TARGET = 20.4;
				ENABLE_NS_ASSERTIONS = NO;
				ENABLE_STRICT_OBJC_MSGSEND = YES;
				GCC_C_LANGUAGE_STANDARD = gnu11;
				GCC_NO_COMMON_BLOCKS = YES;
				GCC_WARN_64_TO_32_BIT_CONVERSION = YES;
				GCC_WARN_ABOUT_RETURN_TYPE = YES_ERROR;
				GCC_WARN_UNDECLARED_SELECTOR = YES;
				GCC_WARN_UNINITIALIZED_AUTOS = YES_AGGRESSIVE;
				GCC_WARN_UNUSED_FUNCTION = YES;
				GCC_WARN_UNUSED_VARIABLE = YES;
				MACOSX_DEPLOYMENT_TARGET = 11.3;
				MTL_ENABLE_DEBUG_INFO = NO;
				MTL_FAST_MATH = YES;
				SDKROOT = driverkit;
				VERSIONING_SYSTEM = "apple-generic";
				VERSION_INFO_PREFIX = "";
			};
			name = Release;
		};
		1F22A0C52ADF3858000207A1 /* Debug */ = {
			isa = XCBuildConfiguration;
			buildSettings = {
				CLANG_ENABLE_MODULES = YES;
				CODE_SIGN_STYLE = Automatic;
				COMBINE_HIDPI_IMAGES = YES;
				CURRENT_PROJECT_VERSION = 1;
				DEFINES_MODULE = YES;
				DEVELOPMENT_TEAM = NAN763XSA9;
				DYLIB_COMPATIBILITY_VERSION = 1;
				DYLIB_CURRENT_VERSION = 1;
				DYLIB_INSTALL_NAME_BASE = "@rpath";
				GENERATE_INFOPLIST_FILE = YES;
				INFOPLIST_KEY_NSHumanReadableCopyright = "";
				INSTALL_PATH = "$(LOCAL_LIBRARY_DIR)/Frameworks";
				LD_RUNPATH_SEARCH_PATHS = (
					"$(inherited)",
					"@executable_path/../Frameworks",
					"@loader_path/Frameworks",
				);
				MARKETING_VERSION = 1.0;
				PRODUCT_BUNDLE_IDENTIFIER = com.dnahapet.iosdev.EssentialFeed;
				PRODUCT_NAME = "$(TARGET_NAME:c99extidentifier)";
				RUN_CLANG_STATIC_ANALYZER = YES;
				SDKROOT = macosx;
				SKIP_INSTALL = YES;
				SWIFT_EMIT_LOC_STRINGS = YES;
				SWIFT_OPTIMIZATION_LEVEL = "-Onone";
				SWIFT_VERSION = 5.0;
			};
			name = Debug;
		};
		1F22A0C62ADF3858000207A1 /* Release */ = {
			isa = XCBuildConfiguration;
			buildSettings = {
				CLANG_ENABLE_MODULES = YES;
				CODE_SIGN_STYLE = Automatic;
				COMBINE_HIDPI_IMAGES = YES;
				CURRENT_PROJECT_VERSION = 1;
				DEFINES_MODULE = YES;
				DEVELOPMENT_TEAM = NAN763XSA9;
				DYLIB_COMPATIBILITY_VERSION = 1;
				DYLIB_CURRENT_VERSION = 1;
				DYLIB_INSTALL_NAME_BASE = "@rpath";
				GENERATE_INFOPLIST_FILE = YES;
				INFOPLIST_KEY_NSHumanReadableCopyright = "";
				INSTALL_PATH = "$(LOCAL_LIBRARY_DIR)/Frameworks";
				LD_RUNPATH_SEARCH_PATHS = (
					"$(inherited)",
					"@executable_path/../Frameworks",
					"@loader_path/Frameworks",
				);
				MARKETING_VERSION = 1.0;
				PRODUCT_BUNDLE_IDENTIFIER = com.dnahapet.iosdev.EssentialFeed;
				PRODUCT_NAME = "$(TARGET_NAME:c99extidentifier)";
				RUN_CLANG_STATIC_ANALYZER = YES;
				SDKROOT = macosx;
				SKIP_INSTALL = YES;
				SWIFT_EMIT_LOC_STRINGS = YES;
				SWIFT_VERSION = 5.0;
			};
			name = Release;
		};
		1FDEE7B02AE2082F00DD84B2 /* Debug */ = {
			isa = XCBuildConfiguration;
			buildSettings = {
				CLANG_ENABLE_MODULES = YES;
				CODE_SIGN_STYLE = Automatic;
				COMBINE_HIDPI_IMAGES = YES;
				CURRENT_PROJECT_VERSION = 1;
				DEVELOPMENT_TEAM = NAN763XSA9;
				GENERATE_INFOPLIST_FILE = YES;
				LD_RUNPATH_SEARCH_PATHS = (
					"$(inherited)",
					"@executable_path/../Frameworks",
					"@loader_path/../Frameworks",
				);
				MACOSX_DEPLOYMENT_TARGET = 11.3;
				MARKETING_VERSION = 1.0;
				PRODUCT_BUNDLE_IDENTIFIER = com.dnahapet.iosdev.EssentialFeedTests;
				PRODUCT_NAME = "$(TARGET_NAME)";
				SDKROOT = macosx;
				SWIFT_ACTIVE_COMPILATION_CONDITIONS = DEBUG;
				SWIFT_EMIT_LOC_STRINGS = NO;
				SWIFT_OPTIMIZATION_LEVEL = "-Onone";
				SWIFT_VERSION = 5.0;
			};
			name = Debug;
		};
		1FDEE7B12AE2082F00DD84B2 /* Release */ = {
			isa = XCBuildConfiguration;
			buildSettings = {
				CLANG_ENABLE_MODULES = YES;
				CODE_SIGN_STYLE = Automatic;
				COMBINE_HIDPI_IMAGES = YES;
				CURRENT_PROJECT_VERSION = 1;
				DEVELOPMENT_TEAM = NAN763XSA9;
				GENERATE_INFOPLIST_FILE = YES;
				LD_RUNPATH_SEARCH_PATHS = (
					"$(inherited)",
					"@executable_path/../Frameworks",
					"@loader_path/../Frameworks",
				);
				MACOSX_DEPLOYMENT_TARGET = 11.3;
				MARKETING_VERSION = 1.0;
				PRODUCT_BUNDLE_IDENTIFIER = com.dnahapet.iosdev.EssentialFeedTests;
				PRODUCT_NAME = "$(TARGET_NAME)";
				SDKROOT = macosx;
				SWIFT_COMPILATION_MODE = wholemodule;
				SWIFT_EMIT_LOC_STRINGS = NO;
				SWIFT_OPTIMIZATION_LEVEL = "-O";
				SWIFT_VERSION = 5.0;
			};
			name = Release;
		};
		1FE17A2E2AF95321007CA744 /* Debug */ = {
			isa = XCBuildConfiguration;
			buildSettings = {
				CODE_SIGN_STYLE = Automatic;
				COMBINE_HIDPI_IMAGES = YES;
				CURRENT_PROJECT_VERSION = 1;
				DEVELOPMENT_TEAM = NAN763XSA9;
				GENERATE_INFOPLIST_FILE = YES;
				LD_RUNPATH_SEARCH_PATHS = (
					"$(inherited)",
					"@executable_path/../Frameworks",
					"@loader_path/../Frameworks",
				);
				MACOSX_DEPLOYMENT_TARGET = 11.3;
				MARKETING_VERSION = 1.0;
				PRODUCT_BUNDLE_IDENTIFIER = com.dnahapet.iosdev.EssentialFeedAPIEndToEndTests;
				PRODUCT_NAME = "$(TARGET_NAME)";
				SDKROOT = macosx;
				SWIFT_ACTIVE_COMPILATION_CONDITIONS = DEBUG;
				SWIFT_EMIT_LOC_STRINGS = NO;
				SWIFT_OPTIMIZATION_LEVEL = "-Onone";
				SWIFT_VERSION = 5.0;
			};
			name = Debug;
		};
		1FE17A2F2AF95321007CA744 /* Release */ = {
			isa = XCBuildConfiguration;
			buildSettings = {
				CODE_SIGN_STYLE = Automatic;
				COMBINE_HIDPI_IMAGES = YES;
				CURRENT_PROJECT_VERSION = 1;
				DEVELOPMENT_TEAM = NAN763XSA9;
				GENERATE_INFOPLIST_FILE = YES;
				LD_RUNPATH_SEARCH_PATHS = (
					"$(inherited)",
					"@executable_path/../Frameworks",
					"@loader_path/../Frameworks",
				);
				MACOSX_DEPLOYMENT_TARGET = 11.3;
				MARKETING_VERSION = 1.0;
				PRODUCT_BUNDLE_IDENTIFIER = com.dnahapet.iosdev.EssentialFeedAPIEndToEndTests;
				PRODUCT_NAME = "$(TARGET_NAME)";
				SDKROOT = macosx;
				SWIFT_COMPILATION_MODE = wholemodule;
				SWIFT_EMIT_LOC_STRINGS = NO;
				SWIFT_OPTIMIZATION_LEVEL = "-O";
				SWIFT_VERSION = 5.0;
			};
			name = Release;
		};
/* End XCBuildConfiguration section */

/* Begin XCConfigurationList section */
		1F22A0B72ADF3858000207A1 /* Build configuration list for PBXProject "EssentialFeed" */ = {
			isa = XCConfigurationList;
			buildConfigurations = (
				1F22A0C22ADF3858000207A1 /* Debug */,
				1F22A0C32ADF3858000207A1 /* Release */,
			);
			defaultConfigurationIsVisible = 0;
			defaultConfigurationName = Release;
		};
		1F22A0C42ADF3858000207A1 /* Build configuration list for PBXNativeTarget "EssentialFeed" */ = {
			isa = XCConfigurationList;
			buildConfigurations = (
				1F22A0C52ADF3858000207A1 /* Debug */,
				1F22A0C62ADF3858000207A1 /* Release */,
			);
			defaultConfigurationIsVisible = 0;
			defaultConfigurationName = Release;
		};
		1FDEE7B22AE2082F00DD84B2 /* Build configuration list for PBXNativeTarget "EssentialFeedTests" */ = {
			isa = XCConfigurationList;
			buildConfigurations = (
				1FDEE7B02AE2082F00DD84B2 /* Debug */,
				1FDEE7B12AE2082F00DD84B2 /* Release */,
			);
			defaultConfigurationIsVisible = 0;
			defaultConfigurationName = Release;
		};
		1FE17A302AF95321007CA744 /* Build configuration list for PBXNativeTarget "EssentialFeedAPIEndToEndTests" */ = {
			isa = XCConfigurationList;
			buildConfigurations = (
				1FE17A2E2AF95321007CA744 /* Debug */,
				1FE17A2F2AF95321007CA744 /* Release */,
			);
			defaultConfigurationIsVisible = 0;
			defaultConfigurationName = Release;
		};
/* End XCConfigurationList section */
	};
	rootObject = 1F22A0B42ADF3858000207A1 /* Project object */;
}
